// !$*UTF8*$!
{
	archiveVersion = 1;
	classes = {
	};
	objectVersion = 46;
	objects = {

/* Begin PBXBuildFile section */
		99FD14B0F5F54CAA794D4FAD /* Pods_wjTestDemo.framework in Frameworks */ = {isa = PBXBuildFile; fileRef = D82EB3AA493BD64263734750 /* Pods_wjTestDemo.framework */; };
		9B6FE8071F17B92600660403 /* wjButton.m in Sources */ = {isa = PBXBuildFile; fileRef = 9B6FE8061F17B92600660403 /* wjButton.m */; };
		9B6FE80A1F17BBE200660403 /* wjButtonModel.m in Sources */ = {isa = PBXBuildFile; fileRef = 9B6FE8091F17BBE200660403 /* wjButtonModel.m */; };
		9B6FE80C1F17BD7000660403 /* wjButton.plist in Resources */ = {isa = PBXBuildFile; fileRef = 9B6FE80B1F17BD7000660403 /* wjButton.plist */; };
		9B6FE8221F17C4B600660403 /* 标注@2x.png in Resources */ = {isa = PBXBuildFile; fileRef = 9B6FE8121F17C4B600660403 /* 标注@2x.png */; };
		9B6FE8231F17C4B600660403 /* 标注@3x.png in Resources */ = {isa = PBXBuildFile; fileRef = 9B6FE8131F17C4B600660403 /* 标注@3x.png */; };
		9B6FE8241F17C4B600660403 /* 标注_selected@2x.png in Resources */ = {isa = PBXBuildFile; fileRef = 9B6FE8141F17C4B600660403 /* 标注_selected@2x.png */; };
		9B6FE8251F17C4B600660403 /* 标注_selected@3x.png in Resources */ = {isa = PBXBuildFile; fileRef = 9B6FE8151F17C4B600660403 /* 标注_selected@3x.png */; };
		9B6FE8261F17C4B600660403 /* 调窗@2x.png in Resources */ = {isa = PBXBuildFile; fileRef = 9B6FE8161F17C4B600660403 /* 调窗@2x.png */; };
		9B6FE8271F17C4B600660403 /* 调窗@3x.png in Resources */ = {isa = PBXBuildFile; fileRef = 9B6FE8171F17C4B600660403 /* 调窗@3x.png */; };
		9B6FE8281F17C4B600660403 /* 调窗_selected@2x.png in Resources */ = {isa = PBXBuildFile; fileRef = 9B6FE8181F17C4B600660403 /* 调窗_selected@2x.png */; };
		9B6FE8291F17C4B600660403 /* 调窗_selected@3x.png in Resources */ = {isa = PBXBuildFile; fileRef = 9B6FE8191F17C4B600660403 /* 调窗_selected@3x.png */; };
		9B6FE82A1F17C4B600660403 /* 重置@2x.png in Resources */ = {isa = PBXBuildFile; fileRef = 9B6FE81A1F17C4B600660403 /* 重置@2x.png */; };
		9B6FE82B1F17C4B600660403 /* 重置@3x.png in Resources */ = {isa = PBXBuildFile; fileRef = 9B6FE81B1F17C4B600660403 /* 重置@3x.png */; };
		9B6FE82C1F17C4B600660403 /* 重置_selected@2x.png in Resources */ = {isa = PBXBuildFile; fileRef = 9B6FE81C1F17C4B600660403 /* 重置_selected@2x.png */; };
		9B6FE82D1F17C4B600660403 /* 重置_selected@3x.png in Resources */ = {isa = PBXBuildFile; fileRef = 9B6FE81D1F17C4B600660403 /* 重置_selected@3x.png */; };
		9B89F9F61F983866005BDB8A /* lib@2x.png in Resources */ = {isa = PBXBuildFile; fileRef = 9B89F9F51F983866005BDB8A /* lib@2x.png */; };
		9B8B0D4D1F9D903600031086 /* WJGetContacts.m in Sources */ = {isa = PBXBuildFile; fileRef = 9B8B0D4C1F9D903600031086 /* WJGetContacts.m */; };
		9BB20B011FA1C82000326012 /* WJChartSpeciesVC.m in Sources */ = {isa = PBXBuildFile; fileRef = 9BB20B001FA1C82000326012 /* WJChartSpeciesVC.m */; };
		9BB20B041FA1CADA00326012 /* WJChartDisplayVC.m in Sources */ = {isa = PBXBuildFile; fileRef = 9BB20B031FA1CADA00326012 /* WJChartDisplayVC.m */; };
		9BB20B0A1FA1CAEB00326012 /* WJChart.m in Sources */ = {isa = PBXBuildFile; fileRef = 9BB20B071FA1CAEB00326012 /* WJChart.m */; };
		9BB20B0B1FA1CAEB00326012 /* WJLineChart.m in Sources */ = {isa = PBXBuildFile; fileRef = 9BB20B091FA1CAEB00326012 /* WJLineChart.m */; };
		9BB20B141FA6B65500326012 /* XMLReader.m in Sources */ = {isa = PBXBuildFile; fileRef = 9BB20B131FA6B65500326012 /* XMLReader.m */; settings = {COMPILER_FLAGS = "-fno-objc-arc"; }; };
		9BB20B1A1FA6B76F00326012 /* WJXMLToJsonVC.m in Sources */ = {isa = PBXBuildFile; fileRef = 9BB20B181FA6B76F00326012 /* WJXMLToJsonVC.m */; };
		9BB20B1B1FA6B76F00326012 /* WJXMLToJsonVC.xib in Resources */ = {isa = PBXBuildFile; fileRef = 9BB20B191FA6B76F00326012 /* WJXMLToJsonVC.xib */; };
		9BD0F8D71F0520D000B27648 /* 扫描二维码.png in Resources */ = {isa = PBXBuildFile; fileRef = 9BD0F8D61F0520D000B27648 /* 扫描二维码.png */; };
		C4274B4E1F0200E800C7B379 /* main.m in Sources */ = {isa = PBXBuildFile; fileRef = C4274B4D1F0200E800C7B379 /* main.m */; };
		C4274B511F0200E800C7B379 /* AppDelegate.m in Sources */ = {isa = PBXBuildFile; fileRef = C4274B501F0200E800C7B379 /* AppDelegate.m */; };
		C4274B541F0200E800C7B379 /* ViewController.m in Sources */ = {isa = PBXBuildFile; fileRef = C4274B531F0200E800C7B379 /* ViewController.m */; };
		C4274B571F0200E800C7B379 /* Main.storyboard in Resources */ = {isa = PBXBuildFile; fileRef = C4274B551F0200E800C7B379 /* Main.storyboard */; };
		C4274B591F0200E800C7B379 /* Assets.xcassets in Resources */ = {isa = PBXBuildFile; fileRef = C4274B581F0200E800C7B379 /* Assets.xcassets */; };
		C4274B5C1F0200E800C7B379 /* LaunchScreen.storyboard in Resources */ = {isa = PBXBuildFile; fileRef = C4274B5A1F0200E800C7B379 /* LaunchScreen.storyboard */; };
		C4274B671F0200E800C7B379 /* wjTestDemoTests.m in Sources */ = {isa = PBXBuildFile; fileRef = C4274B661F0200E800C7B379 /* wjTestDemoTests.m */; };
		C4274B891F02029700C7B379 /* wjQRCodeVC.m in Sources */ = {isa = PBXBuildFile; fileRef = C4274B871F02029700C7B379 /* wjQRCodeVC.m */; };
		C4274B8A1F02029700C7B379 /* wjQRCodeVC.xib in Resources */ = {isa = PBXBuildFile; fileRef = C4274B881F02029700C7B379 /* wjQRCodeVC.xib */; };
		C4274B8F1F02055D00C7B379 /* UIImage+wjQRCodeCreate.m in Sources */ = {isa = PBXBuildFile; fileRef = C4274B8E1F02055D00C7B379 /* UIImage+wjQRCodeCreate.m */; };
		C4274B921F02081700C7B379 /* CoreImage.framework in Frameworks */ = {isa = PBXBuildFile; fileRef = C4274B911F02081700C7B379 /* CoreImage.framework */; };
		C4274B951F020C7800C7B379 /* wjModel.m in Sources */ = {isa = PBXBuildFile; fileRef = C4274B941F020C7800C7B379 /* wjModel.m */; };
		C4274B971F020F8F00C7B379 /* model.plist in Resources */ = {isa = PBXBuildFile; fileRef = C4274B961F020F8F00C7B379 /* model.plist */; };
		C4274B991F023C4B00C7B379 /* icon.jpeg in Resources */ = {isa = PBXBuildFile; fileRef = C4274B981F023C4B00C7B379 /* icon.jpeg */; };
		C4274BA11F035EE500C7B379 /* wjScanQRCodeVC.m in Sources */ = {isa = PBXBuildFile; fileRef = C4274B9F1F035EE500C7B379 /* wjScanQRCodeVC.m */; };
		C4274BA21F035EE500C7B379 /* wjScanQRCodeVC.xib in Resources */ = {isa = PBXBuildFile; fileRef = C4274BA01F035EE500C7B379 /* wjScanQRCodeVC.xib */; };
		C4274BA81F03614D00C7B379 /* line.png in Resources */ = {isa = PBXBuildFile; fileRef = C4274BA41F03614D00C7B379 /* line.png */; };
		C4274BA91F03614D00C7B379 /* line@2x.png in Resources */ = {isa = PBXBuildFile; fileRef = C4274BA51F03614D00C7B379 /* line@2x.png */; };
		C4274BAA1F03614D00C7B379 /* pick_bg.png in Resources */ = {isa = PBXBuildFile; fileRef = C4274BA61F03614D00C7B379 /* pick_bg.png */; };
		C4274BAB1F03614D00C7B379 /* pick_bg@2x.png in Resources */ = {isa = PBXBuildFile; fileRef = C4274BA71F03614D00C7B379 /* pick_bg@2x.png */; };
		C4280A781F03B56400EBEF45 /* iconChange@2x.png in Resources */ = {isa = PBXBuildFile; fileRef = C4280A761F03B56400EBEF45 /* iconChange@2x.png */; };
		C4280A791F03B56400EBEF45 /* iconChange@3x.png in Resources */ = {isa = PBXBuildFile; fileRef = C4280A771F03B56400EBEF45 /* iconChange@3x.png */; };
		C436915D1F048D1600F18340 /* wjAlterAppIconVC.m in Sources */ = {isa = PBXBuildFile; fileRef = C436915B1F048D1600F18340 /* wjAlterAppIconVC.m */; };
		C436915E1F048D1600F18340 /* wjAlterAppIconVC.xib in Resources */ = {isa = PBXBuildFile; fileRef = C436915C1F048D1600F18340 /* wjAlterAppIconVC.xib */; };
		C43691681F04D09900F18340 /* wj3DTouchVC.m in Sources */ = {isa = PBXBuildFile; fileRef = C43691661F04D09900F18340 /* wj3DTouchVC.m */; };
		C43691691F04D09900F18340 /* wj3DTouchVC.xib in Resources */ = {isa = PBXBuildFile; fileRef = C43691671F04D09900F18340 /* wj3DTouchVC.xib */; };
		C43691711F04DD0500F18340 /* wjTouchedVC.m in Sources */ = {isa = PBXBuildFile; fileRef = C436916F1F04DD0500F18340 /* wjTouchedVC.m */; };
		C43691721F04DD0500F18340 /* wjTouchedVC.xib in Resources */ = {isa = PBXBuildFile; fileRef = C43691701F04DD0500F18340 /* wjTouchedVC.xib */; };
		C43691781F04FBE000F18340 /* icon.jpeg in Resources */ = {isa = PBXBuildFile; fileRef = C43691771F04FBE000F18340 /* icon.jpeg */; };
		C43691B41F06213400F18340 /* wjTouchIDVerificationVC.m in Sources */ = {isa = PBXBuildFile; fileRef = C43691B21F06213400F18340 /* wjTouchIDVerificationVC.m */; };
		C43691B51F06213400F18340 /* wjTouchIDVerificationVC.xib in Resources */ = {isa = PBXBuildFile; fileRef = C43691B31F06213400F18340 /* wjTouchIDVerificationVC.xib */; };
		C43691B91F0622B700F18340 /* wjTouchID.m in Sources */ = {isa = PBXBuildFile; fileRef = C43691B81F0622B700F18340 /* wjTouchID.m */; };
		C43691BC1F0626BB00F18340 /* 指纹.png in Resources */ = {isa = PBXBuildFile; fileRef = C43691BB1F0626BB00F18340 /* 指纹.png */; };
		C43691C51F06539A00F18340 /* gesture_node_normal.png in Resources */ = {isa = PBXBuildFile; fileRef = C43691C11F06539A00F18340 /* gesture_node_normal.png */; };
		C43691C61F06539A00F18340 /* gesture_node_normal@2x.png in Resources */ = {isa = PBXBuildFile; fileRef = C43691C21F06539A00F18340 /* gesture_node_normal@2x.png */; };
		C43691C71F06539A00F18340 /* gesture_node_selected.png in Resources */ = {isa = PBXBuildFile; fileRef = C43691C31F06539A00F18340 /* gesture_node_selected.png */; };
		C43691C81F06539A00F18340 /* gesture_node_selected@2x.png in Resources */ = {isa = PBXBuildFile; fileRef = C43691C41F06539A00F18340 /* gesture_node_selected@2x.png */; };
		C43691CC1F0653C600F18340 /* wjGestureLockVC.m in Sources */ = {isa = PBXBuildFile; fileRef = C43691CA1F0653C600F18340 /* wjGestureLockVC.m */; };
		C43691CD1F0653C600F18340 /* wjGestureLockVC.xib in Resources */ = {isa = PBXBuildFile; fileRef = C43691CB1F0653C600F18340 /* wjGestureLockVC.xib */; };
		C43691D01F06554F00F18340 /* wjGestureLockView.m in Sources */ = {isa = PBXBuildFile; fileRef = C43691CF1F06554F00F18340 /* wjGestureLockView.m */; };
		C45F94121F0B6BDC0021FFF0 /* ProgressHUD.bundle in Resources */ = {isa = PBXBuildFile; fileRef = C45F940D1F0B6BDC0021FFF0 /* ProgressHUD.bundle */; };
		C45F94131F0B6BDC0021FFF0 /* ProgressHUD.m in Sources */ = {isa = PBXBuildFile; fileRef = C45F940F1F0B6BDC0021FFF0 /* ProgressHUD.m */; };
		C45F94141F0B6BDC0021FFF0 /* UIImage+animatedGIF.m in Sources */ = {isa = PBXBuildFile; fileRef = C45F94111F0B6BDC0021FFF0 /* UIImage+animatedGIF.m */; };
		C46294141F186AD400A233B3 /* wjPageView.m in Sources */ = {isa = PBXBuildFile; fileRef = C46294121F186AD400A233B3 /* wjPageView.m */; };
		C46294151F186AD400A233B3 /* wjPageView.xib in Resources */ = {isa = PBXBuildFile; fileRef = C46294131F186AD400A233B3 /* wjPageView.xib */; };
		C4682D111F612351003AB3A8 /* WJCardScrollViewController.m in Sources */ = {isa = PBXBuildFile; fileRef = C4682D101F612351003AB3A8 /* WJCardScrollViewController.m */; };
		C4682D171F612445003AB3A8 /* NewPagedFlowView.m in Sources */ = {isa = PBXBuildFile; fileRef = C4682D141F612445003AB3A8 /* NewPagedFlowView.m */; };
		C4682D181F612445003AB3A8 /* PGIndexBannerSubiew.m in Sources */ = {isa = PBXBuildFile; fileRef = C4682D161F612445003AB3A8 /* PGIndexBannerSubiew.m */; };
		C4682D2A1F612AA2003AB3A8 /* WJCarBannerView.m in Sources */ = {isa = PBXBuildFile; fileRef = C4682D291F612AA2003AB3A8 /* WJCarBannerView.m */; };
		C4682D2C1F612DA0003AB3A8 /* imgsModel.plist in Resources */ = {isa = PBXBuildFile; fileRef = C4682D2B1F612DA0003AB3A8 /* imgsModel.plist */; };
		C46906511F666B4200258805 /* WJModifyXMLFileVC.m in Sources */ = {isa = PBXBuildFile; fileRef = C46906501F666B4200258805 /* WJModifyXMLFileVC.m */; };
		C46906531F666B7F00258805 /* Demo.xml in Resources */ = {isa = PBXBuildFile; fileRef = C46906521F666B7F00258805 /* Demo.xml */; };
		C46BEFE61F60F22400D878B8 /* WJGraduallyChangeVC.m in Sources */ = {isa = PBXBuildFile; fileRef = C46BEFE51F60F22400D878B8 /* WJGraduallyChangeVC.m */; };
		C46EEC4A1F56B48B0007A952 /* wjKeyWordVC.m in Sources */ = {isa = PBXBuildFile; fileRef = C46EEC491F56B48B0007A952 /* wjKeyWordVC.m */; };
		C4760ECB1F176F8F00F6DC09 /* wjHandleImageVC.m in Sources */ = {isa = PBXBuildFile; fileRef = C4760EC91F176F8F00F6DC09 /* wjHandleImageVC.m */; };
		C4760ECC1F176F8F00F6DC09 /* wjHandleImageVC.xib in Resources */ = {isa = PBXBuildFile; fileRef = C4760ECA1F176F8F00F6DC09 /* wjHandleImageVC.xib */; };
		C4760ECF1F17704900F6DC09 /* wjImageModel.m in Sources */ = {isa = PBXBuildFile; fileRef = C4760ECE1F17704900F6DC09 /* wjImageModel.m */; };
		C4760ED11F17723600F6DC09 /* wjImageData.plist in Resources */ = {isa = PBXBuildFile; fileRef = C4760ED01F17723600F6DC09 /* wjImageData.plist */; };
		C4760ED51F17745B00F6DC09 /* doubleHand in Resources */ = {isa = PBXBuildFile; fileRef = C4760ED21F17745B00F6DC09 /* doubleHand */; };
		C4760ED61F17745B00F6DC09 /* hand in Resources */ = {isa = PBXBuildFile; fileRef = C4760ED31F17745B00F6DC09 /* hand */; };
		C4760ED71F17745B00F6DC09 /* head in Resources */ = {isa = PBXBuildFile; fileRef = C4760ED41F17745B00F6DC09 /* head */; };
		C4760EDB1F1778BD00F6DC09 /* wjImageDetailVC.m in Sources */ = {isa = PBXBuildFile; fileRef = C4760ED91F1778BD00F6DC09 /* wjImageDetailVC.m */; };
		C4760EDC1F1778BD00F6DC09 /* wjImageDetailVC.xib in Resources */ = {isa = PBXBuildFile; fileRef = C4760EDA1F1778BD00F6DC09 /* wjImageDetailVC.xib */; };
		C480DB6B1F7CF26100A162C3 /* NSString+verifyInfo.m in Sources */ = {isa = PBXBuildFile; fileRef = C480DB6A1F7CF26100A162C3 /* NSString+verifyInfo.m */; };
		C48BB0101F25912500FBFE87 /* NSString+wjEncryptionData.m in Sources */ = {isa = PBXBuildFile; fileRef = C48BB00F1F25912500FBFE87 /* NSString+wjEncryptionData.m */; };
		C48BB0141F2591C200FBFE87 /* GTMBase64.m in Sources */ = {isa = PBXBuildFile; fileRef = C48BB0121F2591C200FBFE87 /* GTMBase64.m */; settings = {COMPILER_FLAGS = "-fno-objc-arc"; }; };
		C48E2DF91F5908490078260B /* wjWebCacheVC.m in Sources */ = {isa = PBXBuildFile; fileRef = C48E2DF81F5908490078260B /* wjWebCacheVC.m */; };
		C48E2DFC1F59089C0078260B /* wjWebCacheURLProtocal.m in Sources */ = {isa = PBXBuildFile; fileRef = C48E2DFB1F59089C0078260B /* wjWebCacheURLProtocal.m */; };
		C4A0F6111F6134B5009D5718 /* scroll3 in Resources */ = {isa = PBXBuildFile; fileRef = C4A0F60C1F6134B5009D5718 /* scroll3 */; };
		C4A0F6121F6134B6009D5718 /* scroll4 in Resources */ = {isa = PBXBuildFile; fileRef = C4A0F60D1F6134B5009D5718 /* scroll4 */; };
		C4A0F6131F6134B6009D5718 /* scroll2 in Resources */ = {isa = PBXBuildFile; fileRef = C4A0F60E1F6134B5009D5718 /* scroll2 */; };
		C4A0F6141F6134B6009D5718 /* scroll1 in Resources */ = {isa = PBXBuildFile; fileRef = C4A0F60F1F6134B5009D5718 /* scroll1 */; };
		C4A0F6151F6134B6009D5718 /* scroll0 in Resources */ = {isa = PBXBuildFile; fileRef = C4A0F6101F6134B5009D5718 /* scroll0 */; };
		C4A0F61E1F614454009D5718 /* health_lunboxian_hlt@2x.png in Resources */ = {isa = PBXBuildFile; fileRef = C4A0F61A1F614454009D5718 /* health_lunboxian_hlt@2x.png */; };
		C4A0F61F1F614454009D5718 /* health_lunboxian_hlt@3x.png in Resources */ = {isa = PBXBuildFile; fileRef = C4A0F61B1F614454009D5718 /* health_lunboxian_hlt@3x.png */; };
		C4A0F6201F614454009D5718 /* health_lunboxian_nor@2x.png in Resources */ = {isa = PBXBuildFile; fileRef = C4A0F61C1F614454009D5718 /* health_lunboxian_nor@2x.png */; };
		C4A0F6211F614454009D5718 /* health_lunboxian_nor@3x.png in Resources */ = {isa = PBXBuildFile; fileRef = C4A0F61D1F614454009D5718 /* health_lunboxian_nor@3x.png */; };
		C4A0F6231F622AC1009D5718 /* torch_on@2x.png in Resources */ = {isa = PBXBuildFile; fileRef = C4A0F6221F622AC1009D5718 /* torch_on@2x.png */; };
		C4A0F6251F622B44009D5718 /* torch_off@2x.png in Resources */ = {isa = PBXBuildFile; fileRef = C4A0F6241F622B44009D5718 /* torch_off@2x.png */; };
		C4A0F62D1F626CD3009D5718 /* wjDataEncryptionVC.m in Sources */ = {isa = PBXBuildFile; fileRef = C4A0F6281F626CD3009D5718 /* wjDataEncryptionVC.m */; };
		C4A0F62E1F626CD3009D5718 /* wjDataEncryptionVC.xib in Resources */ = {isa = PBXBuildFile; fileRef = C4A0F6291F626CD3009D5718 /* wjDataEncryptionVC.xib */; };
		C4A0F62F1F626CD3009D5718 /* wjEncryptionVC.m in Sources */ = {isa = PBXBuildFile; fileRef = C4A0F62B1F626CD3009D5718 /* wjEncryptionVC.m */; };
		C4A0F6301F626CD3009D5718 /* wjEncryptionVC.xib in Resources */ = {isa = PBXBuildFile; fileRef = C4A0F62C1F626CD3009D5718 /* wjEncryptionVC.xib */; };
		C4B2F1631F1875B30028796B /* 开始@2x.png in Resources */ = {isa = PBXBuildFile; fileRef = C4B2F1611F1875B30028796B /* 开始@2x.png */; };
		C4B2F1641F1875B30028796B /* 暂停@2x.png in Resources */ = {isa = PBXBuildFile; fileRef = C4B2F1621F1875B30028796B /* 暂停@2x.png */; };
		C4B2F1681F18A2E30028796B /* wjSaveImageVC.m in Sources */ = {isa = PBXBuildFile; fileRef = C4B2F1671F18A2E30028796B /* wjSaveImageVC.m */; };
		C4B2F16D1F18B6180028796B /* 缩放_selected@2x.png in Resources */ = {isa = PBXBuildFile; fileRef = C4B2F1691F18B6180028796B /* 缩放_selected@2x.png */; };
		C4B2F16E1F18B6180028796B /* 缩放_selected@3x.png in Resources */ = {isa = PBXBuildFile; fileRef = C4B2F16A1F18B6180028796B /* 缩放_selected@3x.png */; };
		C4B2F16F1F18B6180028796B /* 缩放@2x.png in Resources */ = {isa = PBXBuildFile; fileRef = C4B2F16B1F18B6180028796B /* 缩放@2x.png */; };
		C4B2F1701F18B6180028796B /* 缩放@3x.png in Resources */ = {isa = PBXBuildFile; fileRef = C4B2F16C1F18B6180028796B /* 缩放@3x.png */; };
/* End PBXBuildFile section */

/* Begin PBXContainerItemProxy section */
		C4274B631F0200E800C7B379 /* PBXContainerItemProxy */ = {
			isa = PBXContainerItemProxy;
			containerPortal = C4274B411F0200E800C7B379 /* Project object */;
			proxyType = 1;
			remoteGlobalIDString = C4274B481F0200E800C7B379;
			remoteInfo = wjTestDemo;
		};
/* End PBXContainerItemProxy section */

/* Begin PBXFileReference section */
		60F6166E19535B33CFEC2059 /* Pods-wjTestDemo.release.xcconfig */ = {isa = PBXFileReference; includeInIndex = 1; lastKnownFileType = text.xcconfig; name = "Pods-wjTestDemo.release.xcconfig"; path = "Pods/Target Support Files/Pods-wjTestDemo/Pods-wjTestDemo.release.xcconfig"; sourceTree = "<group>"; };
		9B6FE8051F17B92600660403 /* wjButton.h */ = {isa = PBXFileReference; fileEncoding = 4; lastKnownFileType = sourcecode.c.h; path = wjButton.h; sourceTree = "<group>"; };
		9B6FE8061F17B92600660403 /* wjButton.m */ = {isa = PBXFileReference; fileEncoding = 4; lastKnownFileType = sourcecode.c.objc; path = wjButton.m; sourceTree = "<group>"; };
		9B6FE8081F17BBE200660403 /* wjButtonModel.h */ = {isa = PBXFileReference; fileEncoding = 4; lastKnownFileType = sourcecode.c.h; path = wjButtonModel.h; sourceTree = "<group>"; };
		9B6FE8091F17BBE200660403 /* wjButtonModel.m */ = {isa = PBXFileReference; fileEncoding = 4; lastKnownFileType = sourcecode.c.objc; path = wjButtonModel.m; sourceTree = "<group>"; };
		9B6FE80B1F17BD7000660403 /* wjButton.plist */ = {isa = PBXFileReference; fileEncoding = 4; lastKnownFileType = text.plist.xml; path = wjButton.plist; sourceTree = "<group>"; };
		9B6FE8121F17C4B600660403 /* 标注@2x.png */ = {isa = PBXFileReference; lastKnownFileType = image.png; path = "标注@2x.png"; sourceTree = "<group>"; };
		9B6FE8131F17C4B600660403 /* 标注@3x.png */ = {isa = PBXFileReference; lastKnownFileType = image.png; path = "标注@3x.png"; sourceTree = "<group>"; };
		9B6FE8141F17C4B600660403 /* 标注_selected@2x.png */ = {isa = PBXFileReference; lastKnownFileType = image.png; path = "标注_selected@2x.png"; sourceTree = "<group>"; };
		9B6FE8151F17C4B600660403 /* 标注_selected@3x.png */ = {isa = PBXFileReference; lastKnownFileType = image.png; path = "标注_selected@3x.png"; sourceTree = "<group>"; };
		9B6FE8161F17C4B600660403 /* 调窗@2x.png */ = {isa = PBXFileReference; lastKnownFileType = image.png; path = "调窗@2x.png"; sourceTree = "<group>"; };
		9B6FE8171F17C4B600660403 /* 调窗@3x.png */ = {isa = PBXFileReference; lastKnownFileType = image.png; path = "调窗@3x.png"; sourceTree = "<group>"; };
		9B6FE8181F17C4B600660403 /* 调窗_selected@2x.png */ = {isa = PBXFileReference; lastKnownFileType = image.png; path = "调窗_selected@2x.png"; sourceTree = "<group>"; };
		9B6FE8191F17C4B600660403 /* 调窗_selected@3x.png */ = {isa = PBXFileReference; lastKnownFileType = image.png; path = "调窗_selected@3x.png"; sourceTree = "<group>"; };
		9B6FE81A1F17C4B600660403 /* 重置@2x.png */ = {isa = PBXFileReference; lastKnownFileType = image.png; path = "重置@2x.png"; sourceTree = "<group>"; };
		9B6FE81B1F17C4B600660403 /* 重置@3x.png */ = {isa = PBXFileReference; lastKnownFileType = image.png; path = "重置@3x.png"; sourceTree = "<group>"; };
		9B6FE81C1F17C4B600660403 /* 重置_selected@2x.png */ = {isa = PBXFileReference; lastKnownFileType = image.png; path = "重置_selected@2x.png"; sourceTree = "<group>"; };
		9B6FE81D1F17C4B600660403 /* 重置_selected@3x.png */ = {isa = PBXFileReference; lastKnownFileType = image.png; path = "重置_selected@3x.png"; sourceTree = "<group>"; };
		9B89F9F51F983866005BDB8A /* lib@2x.png */ = {isa = PBXFileReference; lastKnownFileType = image.png; path = "lib@2x.png"; sourceTree = "<group>"; };
		9B8B0D4B1F9D903600031086 /* WJGetContacts.h */ = {isa = PBXFileReference; lastKnownFileType = sourcecode.c.h; path = WJGetContacts.h; sourceTree = "<group>"; };
		9B8B0D4C1F9D903600031086 /* WJGetContacts.m */ = {isa = PBXFileReference; lastKnownFileType = sourcecode.c.objc; path = WJGetContacts.m; sourceTree = "<group>"; };
		9BB20AFF1FA1C82000326012 /* WJChartSpeciesVC.h */ = {isa = PBXFileReference; lastKnownFileType = sourcecode.c.h; path = WJChartSpeciesVC.h; sourceTree = "<group>"; };
		9BB20B001FA1C82000326012 /* WJChartSpeciesVC.m */ = {isa = PBXFileReference; lastKnownFileType = sourcecode.c.objc; path = WJChartSpeciesVC.m; sourceTree = "<group>"; };
		9BB20B021FA1CADA00326012 /* WJChartDisplayVC.h */ = {isa = PBXFileReference; lastKnownFileType = sourcecode.c.h; path = WJChartDisplayVC.h; sourceTree = "<group>"; };
		9BB20B031FA1CADA00326012 /* WJChartDisplayVC.m */ = {isa = PBXFileReference; lastKnownFileType = sourcecode.c.objc; path = WJChartDisplayVC.m; sourceTree = "<group>"; };
		9BB20B061FA1CAEB00326012 /* WJChart.h */ = {isa = PBXFileReference; fileEncoding = 4; lastKnownFileType = sourcecode.c.h; path = WJChart.h; sourceTree = "<group>"; };
		9BB20B071FA1CAEB00326012 /* WJChart.m */ = {isa = PBXFileReference; fileEncoding = 4; lastKnownFileType = sourcecode.c.objc; path = WJChart.m; sourceTree = "<group>"; };
		9BB20B081FA1CAEB00326012 /* WJLineChart.h */ = {isa = PBXFileReference; fileEncoding = 4; lastKnownFileType = sourcecode.c.h; path = WJLineChart.h; sourceTree = "<group>"; };
		9BB20B091FA1CAEB00326012 /* WJLineChart.m */ = {isa = PBXFileReference; fileEncoding = 4; lastKnownFileType = sourcecode.c.objc; path = WJLineChart.m; sourceTree = "<group>"; };
		9BB20B121FA6B65500326012 /* XMLReader.h */ = {isa = PBXFileReference; fileEncoding = 4; lastKnownFileType = sourcecode.c.h; path = XMLReader.h; sourceTree = "<group>"; };
		9BB20B131FA6B65500326012 /* XMLReader.m */ = {isa = PBXFileReference; fileEncoding = 4; lastKnownFileType = sourcecode.c.objc; path = XMLReader.m; sourceTree = "<group>"; };
		9BB20B171FA6B76F00326012 /* WJXMLToJsonVC.h */ = {isa = PBXFileReference; lastKnownFileType = sourcecode.c.h; path = WJXMLToJsonVC.h; sourceTree = "<group>"; };
		9BB20B181FA6B76F00326012 /* WJXMLToJsonVC.m */ = {isa = PBXFileReference; lastKnownFileType = sourcecode.c.objc; path = WJXMLToJsonVC.m; sourceTree = "<group>"; };
		9BB20B191FA6B76F00326012 /* WJXMLToJsonVC.xib */ = {isa = PBXFileReference; lastKnownFileType = file.xib; path = WJXMLToJsonVC.xib; sourceTree = "<group>"; };
		9BD0F8D61F0520D000B27648 /* 扫描二维码.png */ = {isa = PBXFileReference; lastKnownFileType = image.png; path = "扫描二维码.png"; sourceTree = "<group>"; };
		C4274B491F0200E800C7B379 /* wjTestDemo.app */ = {isa = PBXFileReference; explicitFileType = wrapper.application; includeInIndex = 0; path = wjTestDemo.app; sourceTree = BUILT_PRODUCTS_DIR; };
		C4274B4D1F0200E800C7B379 /* main.m */ = {isa = PBXFileReference; lastKnownFileType = sourcecode.c.objc; path = main.m; sourceTree = "<group>"; };
		C4274B4F1F0200E800C7B379 /* AppDelegate.h */ = {isa = PBXFileReference; lastKnownFileType = sourcecode.c.h; path = AppDelegate.h; sourceTree = "<group>"; };
		C4274B501F0200E800C7B379 /* AppDelegate.m */ = {isa = PBXFileReference; lastKnownFileType = sourcecode.c.objc; path = AppDelegate.m; sourceTree = "<group>"; };
		C4274B521F0200E800C7B379 /* ViewController.h */ = {isa = PBXFileReference; lastKnownFileType = sourcecode.c.h; path = ViewController.h; sourceTree = "<group>"; };
		C4274B531F0200E800C7B379 /* ViewController.m */ = {isa = PBXFileReference; lastKnownFileType = sourcecode.c.objc; path = ViewController.m; sourceTree = "<group>"; };
		C4274B561F0200E800C7B379 /* Base */ = {isa = PBXFileReference; lastKnownFileType = file.storyboard; name = Base; path = Base.lproj/Main.storyboard; sourceTree = "<group>"; };
		C4274B581F0200E800C7B379 /* Assets.xcassets */ = {isa = PBXFileReference; lastKnownFileType = folder.assetcatalog; path = Assets.xcassets; sourceTree = "<group>"; };
		C4274B5B1F0200E800C7B379 /* Base */ = {isa = PBXFileReference; lastKnownFileType = file.storyboard; name = Base; path = Base.lproj/LaunchScreen.storyboard; sourceTree = "<group>"; };
		C4274B5D1F0200E800C7B379 /* Info.plist */ = {isa = PBXFileReference; lastKnownFileType = text.plist.xml; path = Info.plist; sourceTree = "<group>"; };
		C4274B621F0200E800C7B379 /* wjTestDemoTests.xctest */ = {isa = PBXFileReference; explicitFileType = wrapper.cfbundle; includeInIndex = 0; path = wjTestDemoTests.xctest; sourceTree = BUILT_PRODUCTS_DIR; };
		C4274B661F0200E800C7B379 /* wjTestDemoTests.m */ = {isa = PBXFileReference; lastKnownFileType = sourcecode.c.objc; path = wjTestDemoTests.m; sourceTree = "<group>"; };
		C4274B681F0200E800C7B379 /* Info.plist */ = {isa = PBXFileReference; lastKnownFileType = text.plist.xml; path = Info.plist; sourceTree = "<group>"; };
		C4274B861F02029700C7B379 /* wjQRCodeVC.h */ = {isa = PBXFileReference; fileEncoding = 4; lastKnownFileType = sourcecode.c.h; path = wjQRCodeVC.h; sourceTree = "<group>"; };
		C4274B871F02029700C7B379 /* wjQRCodeVC.m */ = {isa = PBXFileReference; fileEncoding = 4; lastKnownFileType = sourcecode.c.objc; path = wjQRCodeVC.m; sourceTree = "<group>"; };
		C4274B881F02029700C7B379 /* wjQRCodeVC.xib */ = {isa = PBXFileReference; fileEncoding = 4; lastKnownFileType = file.xib; path = wjQRCodeVC.xib; sourceTree = "<group>"; };
		C4274B8D1F02055D00C7B379 /* UIImage+wjQRCodeCreate.h */ = {isa = PBXFileReference; fileEncoding = 4; lastKnownFileType = sourcecode.c.h; path = "UIImage+wjQRCodeCreate.h"; sourceTree = "<group>"; };
		C4274B8E1F02055D00C7B379 /* UIImage+wjQRCodeCreate.m */ = {isa = PBXFileReference; fileEncoding = 4; lastKnownFileType = sourcecode.c.objc; path = "UIImage+wjQRCodeCreate.m"; sourceTree = "<group>"; };
		C4274B911F02081700C7B379 /* CoreImage.framework */ = {isa = PBXFileReference; lastKnownFileType = wrapper.framework; name = CoreImage.framework; path = System/Library/Frameworks/CoreImage.framework; sourceTree = SDKROOT; };
		C4274B931F020C7800C7B379 /* wjModel.h */ = {isa = PBXFileReference; fileEncoding = 4; lastKnownFileType = sourcecode.c.h; path = wjModel.h; sourceTree = "<group>"; };
		C4274B941F020C7800C7B379 /* wjModel.m */ = {isa = PBXFileReference; fileEncoding = 4; lastKnownFileType = sourcecode.c.objc; path = wjModel.m; sourceTree = "<group>"; };
		C4274B961F020F8F00C7B379 /* model.plist */ = {isa = PBXFileReference; fileEncoding = 4; lastKnownFileType = text.plist.xml; path = model.plist; sourceTree = "<group>"; };
		C4274B981F023C4B00C7B379 /* icon.jpeg */ = {isa = PBXFileReference; lastKnownFileType = image.jpeg; path = icon.jpeg; sourceTree = "<group>"; };
		C4274B9E1F035EE500C7B379 /* wjScanQRCodeVC.h */ = {isa = PBXFileReference; fileEncoding = 4; lastKnownFileType = sourcecode.c.h; path = wjScanQRCodeVC.h; sourceTree = "<group>"; };
		C4274B9F1F035EE500C7B379 /* wjScanQRCodeVC.m */ = {isa = PBXFileReference; fileEncoding = 4; lastKnownFileType = sourcecode.c.objc; path = wjScanQRCodeVC.m; sourceTree = "<group>"; };
		C4274BA01F035EE500C7B379 /* wjScanQRCodeVC.xib */ = {isa = PBXFileReference; fileEncoding = 4; lastKnownFileType = file.xib; path = wjScanQRCodeVC.xib; sourceTree = "<group>"; };
		C4274BA41F03614D00C7B379 /* line.png */ = {isa = PBXFileReference; lastKnownFileType = image.png; path = line.png; sourceTree = "<group>"; };
		C4274BA51F03614D00C7B379 /* line@2x.png */ = {isa = PBXFileReference; lastKnownFileType = image.png; path = "line@2x.png"; sourceTree = "<group>"; };
		C4274BA61F03614D00C7B379 /* pick_bg.png */ = {isa = PBXFileReference; lastKnownFileType = image.png; path = pick_bg.png; sourceTree = "<group>"; };
		C4274BA71F03614D00C7B379 /* pick_bg@2x.png */ = {isa = PBXFileReference; lastKnownFileType = image.png; path = "pick_bg@2x.png"; sourceTree = "<group>"; };
		C4280A761F03B56400EBEF45 /* iconChange@2x.png */ = {isa = PBXFileReference; lastKnownFileType = image.png; path = "iconChange@2x.png"; sourceTree = "<group>"; };
		C4280A771F03B56400EBEF45 /* iconChange@3x.png */ = {isa = PBXFileReference; lastKnownFileType = image.png; path = "iconChange@3x.png"; sourceTree = "<group>"; };
		C436915A1F048D1600F18340 /* wjAlterAppIconVC.h */ = {isa = PBXFileReference; fileEncoding = 4; lastKnownFileType = sourcecode.c.h; path = wjAlterAppIconVC.h; sourceTree = "<group>"; };
		C436915B1F048D1600F18340 /* wjAlterAppIconVC.m */ = {isa = PBXFileReference; fileEncoding = 4; lastKnownFileType = sourcecode.c.objc; path = wjAlterAppIconVC.m; sourceTree = "<group>"; };
		C436915C1F048D1600F18340 /* wjAlterAppIconVC.xib */ = {isa = PBXFileReference; fileEncoding = 4; lastKnownFileType = file.xib; path = wjAlterAppIconVC.xib; sourceTree = "<group>"; };
		C43691651F04D09900F18340 /* wj3DTouchVC.h */ = {isa = PBXFileReference; fileEncoding = 4; lastKnownFileType = sourcecode.c.h; path = wj3DTouchVC.h; sourceTree = "<group>"; };
		C43691661F04D09900F18340 /* wj3DTouchVC.m */ = {isa = PBXFileReference; fileEncoding = 4; lastKnownFileType = sourcecode.c.objc; path = wj3DTouchVC.m; sourceTree = "<group>"; };
		C43691671F04D09900F18340 /* wj3DTouchVC.xib */ = {isa = PBXFileReference; fileEncoding = 4; lastKnownFileType = file.xib; path = wj3DTouchVC.xib; sourceTree = "<group>"; };
		C436916E1F04DD0500F18340 /* wjTouchedVC.h */ = {isa = PBXFileReference; fileEncoding = 4; lastKnownFileType = sourcecode.c.h; path = wjTouchedVC.h; sourceTree = "<group>"; };
		C436916F1F04DD0500F18340 /* wjTouchedVC.m */ = {isa = PBXFileReference; fileEncoding = 4; lastKnownFileType = sourcecode.c.objc; path = wjTouchedVC.m; sourceTree = "<group>"; };
		C43691701F04DD0500F18340 /* wjTouchedVC.xib */ = {isa = PBXFileReference; fileEncoding = 4; lastKnownFileType = file.xib; path = wjTouchedVC.xib; sourceTree = "<group>"; };
		C43691771F04FBE000F18340 /* icon.jpeg */ = {isa = PBXFileReference; lastKnownFileType = image.jpeg; path = icon.jpeg; sourceTree = "<group>"; };
		C43691B11F06213400F18340 /* wjTouchIDVerificationVC.h */ = {isa = PBXFileReference; fileEncoding = 4; lastKnownFileType = sourcecode.c.h; path = wjTouchIDVerificationVC.h; sourceTree = "<group>"; };
		C43691B21F06213400F18340 /* wjTouchIDVerificationVC.m */ = {isa = PBXFileReference; fileEncoding = 4; lastKnownFileType = sourcecode.c.objc; path = wjTouchIDVerificationVC.m; sourceTree = "<group>"; };
		C43691B31F06213400F18340 /* wjTouchIDVerificationVC.xib */ = {isa = PBXFileReference; fileEncoding = 4; lastKnownFileType = file.xib; path = wjTouchIDVerificationVC.xib; sourceTree = "<group>"; };
		C43691B71F0622B700F18340 /* wjTouchID.h */ = {isa = PBXFileReference; fileEncoding = 4; lastKnownFileType = sourcecode.c.h; path = wjTouchID.h; sourceTree = "<group>"; };
		C43691B81F0622B700F18340 /* wjTouchID.m */ = {isa = PBXFileReference; fileEncoding = 4; lastKnownFileType = sourcecode.c.objc; path = wjTouchID.m; sourceTree = "<group>"; };
		C43691BB1F0626BB00F18340 /* 指纹.png */ = {isa = PBXFileReference; lastKnownFileType = image.png; path = "指纹.png"; sourceTree = "<group>"; };
		C43691C11F06539A00F18340 /* gesture_node_normal.png */ = {isa = PBXFileReference; lastKnownFileType = image.png; path = gesture_node_normal.png; sourceTree = "<group>"; };
		C43691C21F06539A00F18340 /* gesture_node_normal@2x.png */ = {isa = PBXFileReference; lastKnownFileType = image.png; path = "gesture_node_normal@2x.png"; sourceTree = "<group>"; };
		C43691C31F06539A00F18340 /* gesture_node_selected.png */ = {isa = PBXFileReference; lastKnownFileType = image.png; path = gesture_node_selected.png; sourceTree = "<group>"; };
		C43691C41F06539A00F18340 /* gesture_node_selected@2x.png */ = {isa = PBXFileReference; lastKnownFileType = image.png; path = "gesture_node_selected@2x.png"; sourceTree = "<group>"; };
		C43691C91F0653C600F18340 /* wjGestureLockVC.h */ = {isa = PBXFileReference; fileEncoding = 4; lastKnownFileType = sourcecode.c.h; path = wjGestureLockVC.h; sourceTree = "<group>"; };
		C43691CA1F0653C600F18340 /* wjGestureLockVC.m */ = {isa = PBXFileReference; fileEncoding = 4; lastKnownFileType = sourcecode.c.objc; path = wjGestureLockVC.m; sourceTree = "<group>"; };
		C43691CB1F0653C600F18340 /* wjGestureLockVC.xib */ = {isa = PBXFileReference; fileEncoding = 4; lastKnownFileType = file.xib; path = wjGestureLockVC.xib; sourceTree = "<group>"; };
		C43691CE1F06554F00F18340 /* wjGestureLockView.h */ = {isa = PBXFileReference; fileEncoding = 4; lastKnownFileType = sourcecode.c.h; path = wjGestureLockView.h; sourceTree = "<group>"; };
		C43691CF1F06554F00F18340 /* wjGestureLockView.m */ = {isa = PBXFileReference; fileEncoding = 4; lastKnownFileType = sourcecode.c.objc; path = wjGestureLockView.m; sourceTree = "<group>"; };
		C45F940D1F0B6BDC0021FFF0 /* ProgressHUD.bundle */ = {isa = PBXFileReference; lastKnownFileType = "wrapper.plug-in"; path = ProgressHUD.bundle; sourceTree = "<group>"; };
		C45F940E1F0B6BDC0021FFF0 /* ProgressHUD.h */ = {isa = PBXFileReference; fileEncoding = 4; lastKnownFileType = sourcecode.c.h; path = ProgressHUD.h; sourceTree = "<group>"; };
		C45F940F1F0B6BDC0021FFF0 /* ProgressHUD.m */ = {isa = PBXFileReference; fileEncoding = 4; lastKnownFileType = sourcecode.c.objc; path = ProgressHUD.m; sourceTree = "<group>"; };
		C45F94101F0B6BDC0021FFF0 /* UIImage+animatedGIF.h */ = {isa = PBXFileReference; fileEncoding = 4; lastKnownFileType = sourcecode.c.h; path = "UIImage+animatedGIF.h"; sourceTree = "<group>"; };
		C45F94111F0B6BDC0021FFF0 /* UIImage+animatedGIF.m */ = {isa = PBXFileReference; fileEncoding = 4; lastKnownFileType = sourcecode.c.objc; path = "UIImage+animatedGIF.m"; sourceTree = "<group>"; };
		C46294111F186AD400A233B3 /* wjPageView.h */ = {isa = PBXFileReference; fileEncoding = 4; lastKnownFileType = sourcecode.c.h; path = wjPageView.h; sourceTree = "<group>"; };
		C46294121F186AD400A233B3 /* wjPageView.m */ = {isa = PBXFileReference; fileEncoding = 4; lastKnownFileType = sourcecode.c.objc; path = wjPageView.m; sourceTree = "<group>"; };
		C46294131F186AD400A233B3 /* wjPageView.xib */ = {isa = PBXFileReference; fileEncoding = 4; lastKnownFileType = file.xib; path = wjPageView.xib; sourceTree = "<group>"; };
		C4682D0F1F612351003AB3A8 /* WJCardScrollViewController.h */ = {isa = PBXFileReference; fileEncoding = 4; lastKnownFileType = sourcecode.c.h; path = WJCardScrollViewController.h; sourceTree = "<group>"; };
		C4682D101F612351003AB3A8 /* WJCardScrollViewController.m */ = {isa = PBXFileReference; fileEncoding = 4; lastKnownFileType = sourcecode.c.objc; path = WJCardScrollViewController.m; sourceTree = "<group>"; };
		C4682D131F612445003AB3A8 /* NewPagedFlowView.h */ = {isa = PBXFileReference; fileEncoding = 4; lastKnownFileType = sourcecode.c.h; path = NewPagedFlowView.h; sourceTree = "<group>"; };
		C4682D141F612445003AB3A8 /* NewPagedFlowView.m */ = {isa = PBXFileReference; fileEncoding = 4; lastKnownFileType = sourcecode.c.objc; path = NewPagedFlowView.m; sourceTree = "<group>"; };
		C4682D151F612445003AB3A8 /* PGIndexBannerSubiew.h */ = {isa = PBXFileReference; fileEncoding = 4; lastKnownFileType = sourcecode.c.h; path = PGIndexBannerSubiew.h; sourceTree = "<group>"; };
		C4682D161F612445003AB3A8 /* PGIndexBannerSubiew.m */ = {isa = PBXFileReference; fileEncoding = 4; lastKnownFileType = sourcecode.c.objc; path = PGIndexBannerSubiew.m; sourceTree = "<group>"; };
		C4682D281F612AA2003AB3A8 /* WJCarBannerView.h */ = {isa = PBXFileReference; fileEncoding = 4; lastKnownFileType = sourcecode.c.h; path = WJCarBannerView.h; sourceTree = "<group>"; };
		C4682D291F612AA2003AB3A8 /* WJCarBannerView.m */ = {isa = PBXFileReference; fileEncoding = 4; lastKnownFileType = sourcecode.c.objc; path = WJCarBannerView.m; sourceTree = "<group>"; };
		C4682D2B1F612DA0003AB3A8 /* imgsModel.plist */ = {isa = PBXFileReference; fileEncoding = 4; lastKnownFileType = text.plist.xml; path = imgsModel.plist; sourceTree = "<group>"; };
		C469064F1F666B4200258805 /* WJModifyXMLFileVC.h */ = {isa = PBXFileReference; fileEncoding = 4; lastKnownFileType = sourcecode.c.h; path = WJModifyXMLFileVC.h; sourceTree = "<group>"; };
		C46906501F666B4200258805 /* WJModifyXMLFileVC.m */ = {isa = PBXFileReference; fileEncoding = 4; lastKnownFileType = sourcecode.c.objc; path = WJModifyXMLFileVC.m; sourceTree = "<group>"; };
		C46906521F666B7F00258805 /* Demo.xml */ = {isa = PBXFileReference; fileEncoding = 4; lastKnownFileType = text.xml; path = Demo.xml; sourceTree = "<group>"; };
		C46BEFE41F60F22400D878B8 /* WJGraduallyChangeVC.h */ = {isa = PBXFileReference; fileEncoding = 4; lastKnownFileType = sourcecode.c.h; path = WJGraduallyChangeVC.h; sourceTree = "<group>"; };
		C46BEFE51F60F22400D878B8 /* WJGraduallyChangeVC.m */ = {isa = PBXFileReference; fileEncoding = 4; lastKnownFileType = sourcecode.c.objc; path = WJGraduallyChangeVC.m; sourceTree = "<group>"; };
		C46EEC481F56B48B0007A952 /* wjKeyWordVC.h */ = {isa = PBXFileReference; fileEncoding = 4; lastKnownFileType = sourcecode.c.h; path = wjKeyWordVC.h; sourceTree = "<group>"; };
		C46EEC491F56B48B0007A952 /* wjKeyWordVC.m */ = {isa = PBXFileReference; fileEncoding = 4; lastKnownFileType = sourcecode.c.objc; path = wjKeyWordVC.m; sourceTree = "<group>"; };
		C4760EC81F176F8F00F6DC09 /* wjHandleImageVC.h */ = {isa = PBXFileReference; fileEncoding = 4; lastKnownFileType = sourcecode.c.h; path = wjHandleImageVC.h; sourceTree = "<group>"; };
		C4760EC91F176F8F00F6DC09 /* wjHandleImageVC.m */ = {isa = PBXFileReference; fileEncoding = 4; lastKnownFileType = sourcecode.c.objc; path = wjHandleImageVC.m; sourceTree = "<group>"; };
		C4760ECA1F176F8F00F6DC09 /* wjHandleImageVC.xib */ = {isa = PBXFileReference; fileEncoding = 4; lastKnownFileType = file.xib; path = wjHandleImageVC.xib; sourceTree = "<group>"; };
		C4760ECD1F17704900F6DC09 /* wjImageModel.h */ = {isa = PBXFileReference; fileEncoding = 4; lastKnownFileType = sourcecode.c.h; path = wjImageModel.h; sourceTree = "<group>"; };
		C4760ECE1F17704900F6DC09 /* wjImageModel.m */ = {isa = PBXFileReference; fileEncoding = 4; lastKnownFileType = sourcecode.c.objc; path = wjImageModel.m; sourceTree = "<group>"; };
		C4760ED01F17723600F6DC09 /* wjImageData.plist */ = {isa = PBXFileReference; fileEncoding = 4; lastKnownFileType = text.plist.xml; path = wjImageData.plist; sourceTree = "<group>"; };
		C4760ED21F17745B00F6DC09 /* doubleHand */ = {isa = PBXFileReference; lastKnownFileType = file; path = doubleHand; sourceTree = "<group>"; };
		C4760ED31F17745B00F6DC09 /* hand */ = {isa = PBXFileReference; lastKnownFileType = file; path = hand; sourceTree = "<group>"; };
		C4760ED41F17745B00F6DC09 /* head */ = {isa = PBXFileReference; lastKnownFileType = file; path = head; sourceTree = "<group>"; };
		C4760ED81F1778BD00F6DC09 /* wjImageDetailVC.h */ = {isa = PBXFileReference; fileEncoding = 4; lastKnownFileType = sourcecode.c.h; path = wjImageDetailVC.h; sourceTree = "<group>"; };
		C4760ED91F1778BD00F6DC09 /* wjImageDetailVC.m */ = {isa = PBXFileReference; fileEncoding = 4; lastKnownFileType = sourcecode.c.objc; path = wjImageDetailVC.m; sourceTree = "<group>"; };
		C4760EDA1F1778BD00F6DC09 /* wjImageDetailVC.xib */ = {isa = PBXFileReference; fileEncoding = 4; lastKnownFileType = file.xib; path = wjImageDetailVC.xib; sourceTree = "<group>"; };
		C480DB691F7CF26100A162C3 /* NSString+verifyInfo.h */ = {isa = PBXFileReference; lastKnownFileType = sourcecode.c.h; path = "NSString+verifyInfo.h"; sourceTree = "<group>"; };
		C480DB6A1F7CF26100A162C3 /* NSString+verifyInfo.m */ = {isa = PBXFileReference; lastKnownFileType = sourcecode.c.objc; path = "NSString+verifyInfo.m"; sourceTree = "<group>"; };
		C48BB00E1F25912500FBFE87 /* NSString+wjEncryptionData.h */ = {isa = PBXFileReference; fileEncoding = 4; lastKnownFileType = sourcecode.c.h; path = "NSString+wjEncryptionData.h"; sourceTree = "<group>"; };
		C48BB00F1F25912500FBFE87 /* NSString+wjEncryptionData.m */ = {isa = PBXFileReference; fileEncoding = 4; lastKnownFileType = sourcecode.c.objc; path = "NSString+wjEncryptionData.m"; sourceTree = "<group>"; };
		C48BB0111F2591C200FBFE87 /* GTMBase64.h */ = {isa = PBXFileReference; fileEncoding = 4; lastKnownFileType = sourcecode.c.h; path = GTMBase64.h; sourceTree = "<group>"; };
		C48BB0121F2591C200FBFE87 /* GTMBase64.m */ = {isa = PBXFileReference; fileEncoding = 4; lastKnownFileType = sourcecode.c.objc; path = GTMBase64.m; sourceTree = "<group>"; };
		C48BB0131F2591C200FBFE87 /* GTMDefines.h */ = {isa = PBXFileReference; fileEncoding = 4; lastKnownFileType = sourcecode.c.h; path = GTMDefines.h; sourceTree = "<group>"; };
		C48E2DF71F5908490078260B /* wjWebCacheVC.h */ = {isa = PBXFileReference; fileEncoding = 4; lastKnownFileType = sourcecode.c.h; path = wjWebCacheVC.h; sourceTree = "<group>"; };
		C48E2DF81F5908490078260B /* wjWebCacheVC.m */ = {isa = PBXFileReference; fileEncoding = 4; lastKnownFileType = sourcecode.c.objc; path = wjWebCacheVC.m; sourceTree = "<group>"; };
		C48E2DFA1F59089C0078260B /* wjWebCacheURLProtocal.h */ = {isa = PBXFileReference; fileEncoding = 4; lastKnownFileType = sourcecode.c.h; path = wjWebCacheURLProtocal.h; sourceTree = "<group>"; };
		C48E2DFB1F59089C0078260B /* wjWebCacheURLProtocal.m */ = {isa = PBXFileReference; fileEncoding = 4; lastKnownFileType = sourcecode.c.objc; path = wjWebCacheURLProtocal.m; sourceTree = "<group>"; };
		C4A0F60C1F6134B5009D5718 /* scroll3 */ = {isa = PBXFileReference; lastKnownFileType = file; path = scroll3; sourceTree = "<group>"; };
		C4A0F60D1F6134B5009D5718 /* scroll4 */ = {isa = PBXFileReference; lastKnownFileType = file; path = scroll4; sourceTree = "<group>"; };
		C4A0F60E1F6134B5009D5718 /* scroll2 */ = {isa = PBXFileReference; lastKnownFileType = file; path = scroll2; sourceTree = "<group>"; };
		C4A0F60F1F6134B5009D5718 /* scroll1 */ = {isa = PBXFileReference; lastKnownFileType = file; path = scroll1; sourceTree = "<group>"; };
		C4A0F6101F6134B5009D5718 /* scroll0 */ = {isa = PBXFileReference; lastKnownFileType = file; path = scroll0; sourceTree = "<group>"; };
		C4A0F61A1F614454009D5718 /* health_lunboxian_hlt@2x.png */ = {isa = PBXFileReference; lastKnownFileType = image.png; path = "health_lunboxian_hlt@2x.png"; sourceTree = "<group>"; };
		C4A0F61B1F614454009D5718 /* health_lunboxian_hlt@3x.png */ = {isa = PBXFileReference; lastKnownFileType = image.png; path = "health_lunboxian_hlt@3x.png"; sourceTree = "<group>"; };
		C4A0F61C1F614454009D5718 /* health_lunboxian_nor@2x.png */ = {isa = PBXFileReference; lastKnownFileType = image.png; path = "health_lunboxian_nor@2x.png"; sourceTree = "<group>"; };
		C4A0F61D1F614454009D5718 /* health_lunboxian_nor@3x.png */ = {isa = PBXFileReference; lastKnownFileType = image.png; path = "health_lunboxian_nor@3x.png"; sourceTree = "<group>"; };
		C4A0F6221F622AC1009D5718 /* torch_on@2x.png */ = {isa = PBXFileReference; lastKnownFileType = image.png; path = "torch_on@2x.png"; sourceTree = "<group>"; };
		C4A0F6241F622B44009D5718 /* torch_off@2x.png */ = {isa = PBXFileReference; lastKnownFileType = image.png; path = "torch_off@2x.png"; sourceTree = "<group>"; };
		C4A0F6271F626CD3009D5718 /* wjDataEncryptionVC.h */ = {isa = PBXFileReference; fileEncoding = 4; lastKnownFileType = sourcecode.c.h; path = wjDataEncryptionVC.h; sourceTree = "<group>"; };
		C4A0F6281F626CD3009D5718 /* wjDataEncryptionVC.m */ = {isa = PBXFileReference; fileEncoding = 4; lastKnownFileType = sourcecode.c.objc; path = wjDataEncryptionVC.m; sourceTree = "<group>"; };
		C4A0F6291F626CD3009D5718 /* wjDataEncryptionVC.xib */ = {isa = PBXFileReference; fileEncoding = 4; lastKnownFileType = file.xib; path = wjDataEncryptionVC.xib; sourceTree = "<group>"; };
		C4A0F62A1F626CD3009D5718 /* wjEncryptionVC.h */ = {isa = PBXFileReference; fileEncoding = 4; lastKnownFileType = sourcecode.c.h; path = wjEncryptionVC.h; sourceTree = "<group>"; };
		C4A0F62B1F626CD3009D5718 /* wjEncryptionVC.m */ = {isa = PBXFileReference; fileEncoding = 4; lastKnownFileType = sourcecode.c.objc; path = wjEncryptionVC.m; sourceTree = "<group>"; };
		C4A0F62C1F626CD3009D5718 /* wjEncryptionVC.xib */ = {isa = PBXFileReference; fileEncoding = 4; lastKnownFileType = file.xib; path = wjEncryptionVC.xib; sourceTree = "<group>"; };
		C4AC5AE71F048AB90023DD13 /* PrefixHeader.pch */ = {isa = PBXFileReference; lastKnownFileType = sourcecode.c.h; path = PrefixHeader.pch; sourceTree = "<group>"; };
		C4B2F1611F1875B30028796B /* 开始@2x.png */ = {isa = PBXFileReference; lastKnownFileType = image.png; path = "开始@2x.png"; sourceTree = "<group>"; };
		C4B2F1621F1875B30028796B /* 暂停@2x.png */ = {isa = PBXFileReference; lastKnownFileType = image.png; path = "暂停@2x.png"; sourceTree = "<group>"; };
		C4B2F1661F18A2E30028796B /* wjSaveImageVC.h */ = {isa = PBXFileReference; fileEncoding = 4; lastKnownFileType = sourcecode.c.h; path = wjSaveImageVC.h; sourceTree = "<group>"; };
		C4B2F1671F18A2E30028796B /* wjSaveImageVC.m */ = {isa = PBXFileReference; fileEncoding = 4; lastKnownFileType = sourcecode.c.objc; path = wjSaveImageVC.m; sourceTree = "<group>"; };
		C4B2F1691F18B6180028796B /* 缩放_selected@2x.png */ = {isa = PBXFileReference; lastKnownFileType = image.png; path = "缩放_selected@2x.png"; sourceTree = "<group>"; };
		C4B2F16A1F18B6180028796B /* 缩放_selected@3x.png */ = {isa = PBXFileReference; lastKnownFileType = image.png; path = "缩放_selected@3x.png"; sourceTree = "<group>"; };
		C4B2F16B1F18B6180028796B /* 缩放@2x.png */ = {isa = PBXFileReference; lastKnownFileType = image.png; path = "缩放@2x.png"; sourceTree = "<group>"; };
		C4B2F16C1F18B6180028796B /* 缩放@3x.png */ = {isa = PBXFileReference; lastKnownFileType = image.png; path = "缩放@3x.png"; sourceTree = "<group>"; };
		D82EB3AA493BD64263734750 /* Pods_wjTestDemo.framework */ = {isa = PBXFileReference; explicitFileType = wrapper.framework; includeInIndex = 0; path = Pods_wjTestDemo.framework; sourceTree = BUILT_PRODUCTS_DIR; };
		E2F2F86FC9BB0C5E41E26943 /* Pods-wjTestDemo.debug.xcconfig */ = {isa = PBXFileReference; includeInIndex = 1; lastKnownFileType = text.xcconfig; name = "Pods-wjTestDemo.debug.xcconfig"; path = "Pods/Target Support Files/Pods-wjTestDemo/Pods-wjTestDemo.debug.xcconfig"; sourceTree = "<group>"; };
/* End PBXFileReference section */

/* Begin PBXFrameworksBuildPhase section */
		C4274B461F0200E800C7B379 /* Frameworks */ = {
			isa = PBXFrameworksBuildPhase;
			buildActionMask = 2147483647;
			files = (
				C4274B921F02081700C7B379 /* CoreImage.framework in Frameworks */,
				99FD14B0F5F54CAA794D4FAD /* Pods_wjTestDemo.framework in Frameworks */,
			);
			runOnlyForDeploymentPostprocessing = 0;
		};
		C4274B5F1F0200E800C7B379 /* Frameworks */ = {
			isa = PBXFrameworksBuildPhase;
			buildActionMask = 2147483647;
			files = (
			);
			runOnlyForDeploymentPostprocessing = 0;
		};
/* End PBXFrameworksBuildPhase section */

/* Begin PBXGroup section */
		25C644EF5110BBE9D7F0BED8 /* Pods */ = {
			isa = PBXGroup;
			children = (
				E2F2F86FC9BB0C5E41E26943 /* Pods-wjTestDemo.debug.xcconfig */,
				60F6166E19535B33CFEC2059 /* Pods-wjTestDemo.release.xcconfig */,
			);
			name = Pods;
			sourceTree = "<group>";
		};
		9B6FE80D1F17C4B600660403 /* button */ = {
			isa = PBXGroup;
			children = (
				C4B2F1691F18B6180028796B /* 缩放_selected@2x.png */,
				C4B2F16A1F18B6180028796B /* 缩放_selected@3x.png */,
				C4B2F16B1F18B6180028796B /* 缩放@2x.png */,
				C4B2F16C1F18B6180028796B /* 缩放@3x.png */,
				9B6FE8121F17C4B600660403 /* 标注@2x.png */,
				9B6FE8131F17C4B600660403 /* 标注@3x.png */,
				9B6FE8141F17C4B600660403 /* 标注_selected@2x.png */,
				9B6FE8151F17C4B600660403 /* 标注_selected@3x.png */,
				9B6FE8161F17C4B600660403 /* 调窗@2x.png */,
				9B6FE8171F17C4B600660403 /* 调窗@3x.png */,
				9B6FE8181F17C4B600660403 /* 调窗_selected@2x.png */,
				9B6FE8191F17C4B600660403 /* 调窗_selected@3x.png */,
				9B6FE81A1F17C4B600660403 /* 重置@2x.png */,
				9B6FE81B1F17C4B600660403 /* 重置@3x.png */,
				9B6FE81C1F17C4B600660403 /* 重置_selected@2x.png */,
				9B6FE81D1F17C4B600660403 /* 重置_selected@3x.png */,
			);
			path = button;
			sourceTree = "<group>";
		};
		9B8B0D4A1F9D901E00031086 /* getContacts */ = {
			isa = PBXGroup;
			children = (
				9B8B0D4B1F9D903600031086 /* WJGetContacts.h */,
				9B8B0D4C1F9D903600031086 /* WJGetContacts.m */,
			);
			path = getContacts;
			sourceTree = "<group>";
		};
		9BB20AFE1FA1C7C900326012 /* chartDisplay */ = {
			isa = PBXGroup;
			children = (
				9BB20B051FA1CAEB00326012 /* Uitls */,
				9BB20AFF1FA1C82000326012 /* WJChartSpeciesVC.h */,
				9BB20B001FA1C82000326012 /* WJChartSpeciesVC.m */,
				9BB20B021FA1CADA00326012 /* WJChartDisplayVC.h */,
				9BB20B031FA1CADA00326012 /* WJChartDisplayVC.m */,
			);
			path = chartDisplay;
			sourceTree = "<group>";
		};
		9BB20B051FA1CAEB00326012 /* Uitls */ = {
			isa = PBXGroup;
			children = (
				9BB20B061FA1CAEB00326012 /* WJChart.h */,
				9BB20B071FA1CAEB00326012 /* WJChart.m */,
				9BB20B081FA1CAEB00326012 /* WJLineChart.h */,
				9BB20B091FA1CAEB00326012 /* WJLineChart.m */,
			);
			path = Uitls;
			sourceTree = "<group>";
		};
		9BB20B0D1FA6B61D00326012 /* xmlToJson */ = {
			isa = PBXGroup;
			children = (
				9BB20B111FA6B65500326012 /* XMLReader */,
				9BB20B171FA6B76F00326012 /* WJXMLToJsonVC.h */,
				9BB20B181FA6B76F00326012 /* WJXMLToJsonVC.m */,
				9BB20B191FA6B76F00326012 /* WJXMLToJsonVC.xib */,
			);
			path = xmlToJson;
			sourceTree = "<group>";
		};
		9BB20B111FA6B65500326012 /* XMLReader */ = {
			isa = PBXGroup;
			children = (
				9BB20B121FA6B65500326012 /* XMLReader.h */,
				9BB20B131FA6B65500326012 /* XMLReader.m */,
			);
			path = XMLReader;
			sourceTree = "<group>";
		};
		C4274B401F0200E800C7B379 = {
			isa = PBXGroup;
			children = (
				C4274B4B1F0200E800C7B379 /* wjTestDemo */,
				C4274B651F0200E800C7B379 /* wjTestDemoTests */,
				C4274B4A1F0200E800C7B379 /* Products */,
				C4274B901F02081700C7B379 /* Frameworks */,
				25C644EF5110BBE9D7F0BED8 /* Pods */,
			);
			sourceTree = "<group>";
		};
		C4274B4A1F0200E800C7B379 /* Products */ = {
			isa = PBXGroup;
			children = (
				C4274B491F0200E800C7B379 /* wjTestDemo.app */,
				C4274B621F0200E800C7B379 /* wjTestDemoTests.xctest */,
			);
			name = Products;
			sourceTree = "<group>";
		};
		C4274B4B1F0200E800C7B379 /* wjTestDemo */ = {
			isa = PBXGroup;
			children = (
				C45F940B1F0B6B8A0021FFF0 /* utils */,
				C4280A721F03B3DA00EBEF45 /* main */,
				C4274B761F0201D300C7B379 /* classes */,
				C4274B4C1F0200E800C7B379 /* Supporting Files */,
			);
			path = wjTestDemo;
			sourceTree = "<group>";
		};
		C4274B4C1F0200E800C7B379 /* Supporting Files */ = {
			isa = PBXGroup;
			children = (
				C4274B551F0200E800C7B379 /* Main.storyboard */,
				C4274B581F0200E800C7B379 /* Assets.xcassets */,
				C4274B5A1F0200E800C7B379 /* LaunchScreen.storyboard */,
				C4274B5D1F0200E800C7B379 /* Info.plist */,
				C4274B4D1F0200E800C7B379 /* main.m */,
				C4AC5AE71F048AB90023DD13 /* PrefixHeader.pch */,
			);
			name = "Supporting Files";
			sourceTree = "<group>";
		};
		C4274B651F0200E800C7B379 /* wjTestDemoTests */ = {
			isa = PBXGroup;
			children = (
				C4274B661F0200E800C7B379 /* wjTestDemoTests.m */,
				C4274B681F0200E800C7B379 /* Info.plist */,
			);
			path = wjTestDemoTests;
			sourceTree = "<group>";
		};
		C4274B761F0201D300C7B379 /* classes */ = {
			isa = PBXGroup;
			children = (
				9BB20B0D1FA6B61D00326012 /* xmlToJson */,
				9BB20AFE1FA1C7C900326012 /* chartDisplay */,
				9B8B0D4A1F9D901E00031086 /* getContacts */,
				C469064E1F666B1D00258805 /* modifyXmlFile */,
				C4682D0E1F612327003AB3A8 /* scrollViewDemo */,
				C46BEFE31F60F1B900D878B8 /* graduallyChange */,
				C48E2DF61F59081B0078260B /* webCache */,
				C46EEC471F56B4540007A952 /* keyWord */,
				C48BB0011F258CA200FBFE87 /* dataEncryption */,
				C4760EBE1F176DCB00F6DC09 /* MedicalImageHandle */,
				C43691BD1F06532900F18340 /* gestureLock */,
				C43691AF1F06211200F18340 /* touchID */,
				C43691601F04ADEE00F18340 /* 3DTouch */,
				C4280A731F03B56400EBEF45 /* AlterAppIcon */,
				C4274B9A1F0356FC00C7B379 /* ScanQRCode */,
				C4274B771F0201D300C7B379 /* QRCode */,
			);
			path = classes;
			sourceTree = "<group>";
		};
		C4274B771F0201D300C7B379 /* QRCode */ = {
			isa = PBXGroup;
			children = (
				C4274B8C1F02054500C7B379 /* utils */,
				C4274B8B1F02031100C7B379 /* V */,
				C4274B851F02029700C7B379 /* C */,
			);
			path = QRCode;
			sourceTree = "<group>";
		};
		C4274B851F02029700C7B379 /* C */ = {
			isa = PBXGroup;
			children = (
				C4274B861F02029700C7B379 /* wjQRCodeVC.h */,
				C4274B871F02029700C7B379 /* wjQRCodeVC.m */,
				C4274B881F02029700C7B379 /* wjQRCodeVC.xib */,
			);
			path = C;
			sourceTree = "<group>";
		};
		C4274B8B1F02031100C7B379 /* V */ = {
			isa = PBXGroup;
			children = (
			);
			path = V;
			sourceTree = "<group>";
		};
		C4274B8C1F02054500C7B379 /* utils */ = {
			isa = PBXGroup;
			children = (
				C4274B981F023C4B00C7B379 /* icon.jpeg */,
				C4274B8D1F02055D00C7B379 /* UIImage+wjQRCodeCreate.h */,
				C4274B8E1F02055D00C7B379 /* UIImage+wjQRCodeCreate.m */,
			);
			path = utils;
			sourceTree = "<group>";
		};
		C4274B901F02081700C7B379 /* Frameworks */ = {
			isa = PBXGroup;
			children = (
				C4274B911F02081700C7B379 /* CoreImage.framework */,
				D82EB3AA493BD64263734750 /* Pods_wjTestDemo.framework */,
			);
			name = Frameworks;
			sourceTree = "<group>";
		};
		C4274B9A1F0356FC00C7B379 /* ScanQRCode */ = {
			isa = PBXGroup;
			children = (
				C4274BA31F03604A00C7B379 /* resource */,
				C4274B9B1F0356FC00C7B379 /* C */,
				C4274B9C1F0356FC00C7B379 /* M */,
				C4274B9D1F0356FC00C7B379 /* V */,
			);
			path = ScanQRCode;
			sourceTree = "<group>";
		};
		C4274B9B1F0356FC00C7B379 /* C */ = {
			isa = PBXGroup;
			children = (
				C4274B9E1F035EE500C7B379 /* wjScanQRCodeVC.h */,
				C4274B9F1F035EE500C7B379 /* wjScanQRCodeVC.m */,
				C4274BA01F035EE500C7B379 /* wjScanQRCodeVC.xib */,
			);
			path = C;
			sourceTree = "<group>";
		};
		C4274B9C1F0356FC00C7B379 /* M */ = {
			isa = PBXGroup;
			children = (
			);
			path = M;
			sourceTree = "<group>";
		};
		C4274B9D1F0356FC00C7B379 /* V */ = {
			isa = PBXGroup;
			children = (
			);
			path = V;
			sourceTree = "<group>";
		};
		C4274BA31F03604A00C7B379 /* resource */ = {
			isa = PBXGroup;
			children = (
				C4A0F6241F622B44009D5718 /* torch_off@2x.png */,
				C4A0F6221F622AC1009D5718 /* torch_on@2x.png */,
				9B89F9F51F983866005BDB8A /* lib@2x.png */,
				C4274BA41F03614D00C7B379 /* line.png */,
				C4274BA51F03614D00C7B379 /* line@2x.png */,
				C4274BA61F03614D00C7B379 /* pick_bg.png */,
				C4274BA71F03614D00C7B379 /* pick_bg@2x.png */,
			);
			path = resource;
			sourceTree = "<group>";
		};
		C4280A721F03B3DA00EBEF45 /* main */ = {
			isa = PBXGroup;
			children = (
				C4274B4F1F0200E800C7B379 /* AppDelegate.h */,
				C4274B501F0200E800C7B379 /* AppDelegate.m */,
				C4274B521F0200E800C7B379 /* ViewController.h */,
				C4274B531F0200E800C7B379 /* ViewController.m */,
				C4274B931F020C7800C7B379 /* wjModel.h */,
				C4274B941F020C7800C7B379 /* wjModel.m */,
				C4274B961F020F8F00C7B379 /* model.plist */,
			);
			name = main;
			sourceTree = "<group>";
		};
		C4280A731F03B56400EBEF45 /* AlterAppIcon */ = {
			isa = PBXGroup;
			children = (
				C4280A741F03B56400EBEF45 /* C */,
				C4280A751F03B56400EBEF45 /* resource */,
			);
			path = AlterAppIcon;
			sourceTree = "<group>";
		};
		C4280A741F03B56400EBEF45 /* C */ = {
			isa = PBXGroup;
			children = (
				C436915A1F048D1600F18340 /* wjAlterAppIconVC.h */,
				C436915B1F048D1600F18340 /* wjAlterAppIconVC.m */,
				C436915C1F048D1600F18340 /* wjAlterAppIconVC.xib */,
			);
			path = C;
			sourceTree = "<group>";
		};
		C4280A751F03B56400EBEF45 /* resource */ = {
			isa = PBXGroup;
			children = (
				C4280A761F03B56400EBEF45 /* iconChange@2x.png */,
				C4280A771F03B56400EBEF45 /* iconChange@3x.png */,
			);
			path = resource;
			sourceTree = "<group>";
		};
		C43691601F04ADEE00F18340 /* 3DTouch */ = {
			isa = PBXGroup;
			children = (
				C43691611F04ADEE00F18340 /* C */,
				C43691621F04ADEE00F18340 /* M */,
				C43691631F04ADEE00F18340 /* res */,
				C43691641F04ADEE00F18340 /* V */,
			);
			path = 3DTouch;
			sourceTree = "<group>";
		};
		C43691611F04ADEE00F18340 /* C */ = {
			isa = PBXGroup;
			children = (
				C43691651F04D09900F18340 /* wj3DTouchVC.h */,
				C43691661F04D09900F18340 /* wj3DTouchVC.m */,
				C43691671F04D09900F18340 /* wj3DTouchVC.xib */,
				C436916E1F04DD0500F18340 /* wjTouchedVC.h */,
				C436916F1F04DD0500F18340 /* wjTouchedVC.m */,
				C43691701F04DD0500F18340 /* wjTouchedVC.xib */,
			);
			path = C;
			sourceTree = "<group>";
		};
		C43691621F04ADEE00F18340 /* M */ = {
			isa = PBXGroup;
			children = (
			);
			path = M;
			sourceTree = "<group>";
		};
		C43691631F04ADEE00F18340 /* res */ = {
			isa = PBXGroup;
			children = (
				9BD0F8D61F0520D000B27648 /* 扫描二维码.png */,
				C43691771F04FBE000F18340 /* icon.jpeg */,
			);
			path = res;
			sourceTree = "<group>";
		};
		C43691641F04ADEE00F18340 /* V */ = {
			isa = PBXGroup;
			children = (
			);
			path = V;
			sourceTree = "<group>";
		};
		C43691AF1F06211200F18340 /* touchID */ = {
			isa = PBXGroup;
			children = (
				C43691BA1F0626BB00F18340 /* res */,
				C43691B61F0622B700F18340 /* utils */,
				C43691B01F06211200F18340 /* C */,
			);
			path = touchID;
			sourceTree = "<group>";
		};
		C43691B01F06211200F18340 /* C */ = {
			isa = PBXGroup;
			children = (
				C43691B11F06213400F18340 /* wjTouchIDVerificationVC.h */,
				C43691B21F06213400F18340 /* wjTouchIDVerificationVC.m */,
				C43691B31F06213400F18340 /* wjTouchIDVerificationVC.xib */,
			);
			path = C;
			sourceTree = "<group>";
		};
		C43691B61F0622B700F18340 /* utils */ = {
			isa = PBXGroup;
			children = (
				C43691B71F0622B700F18340 /* wjTouchID.h */,
				C43691B81F0622B700F18340 /* wjTouchID.m */,
			);
			path = utils;
			sourceTree = "<group>";
		};
		C43691BA1F0626BB00F18340 /* res */ = {
			isa = PBXGroup;
			children = (
				C43691BB1F0626BB00F18340 /* 指纹.png */,
			);
			path = res;
			sourceTree = "<group>";
		};
		C43691BD1F06532900F18340 /* gestureLock */ = {
			isa = PBXGroup;
			children = (
				C43691BE1F06535C00F18340 /* res */,
				C43691BF1F06535C00F18340 /* V */,
				C43691C01F06535C00F18340 /* C */,
			);
			path = gestureLock;
			sourceTree = "<group>";
		};
		C43691BE1F06535C00F18340 /* res */ = {
			isa = PBXGroup;
			children = (
				C43691C11F06539A00F18340 /* gesture_node_normal.png */,
				C43691C21F06539A00F18340 /* gesture_node_normal@2x.png */,
				C43691C31F06539A00F18340 /* gesture_node_selected.png */,
				C43691C41F06539A00F18340 /* gesture_node_selected@2x.png */,
			);
			path = res;
			sourceTree = "<group>";
		};
		C43691BF1F06535C00F18340 /* V */ = {
			isa = PBXGroup;
			children = (
				C43691CE1F06554F00F18340 /* wjGestureLockView.h */,
				C43691CF1F06554F00F18340 /* wjGestureLockView.m */,
			);
			path = V;
			sourceTree = "<group>";
		};
		C43691C01F06535C00F18340 /* C */ = {
			isa = PBXGroup;
			children = (
				C43691C91F0653C600F18340 /* wjGestureLockVC.h */,
				C43691CA1F0653C600F18340 /* wjGestureLockVC.m */,
				C43691CB1F0653C600F18340 /* wjGestureLockVC.xib */,
			);
			path = C;
			sourceTree = "<group>";
		};
		C45F940B1F0B6B8A0021FFF0 /* utils */ = {
			isa = PBXGroup;
			children = (
				C480DB681F7CF23F00A162C3 /* verifyInfo */,
				C45F940C1F0B6BDC0021FFF0 /* ProgressHud */,
			);
			name = utils;
			path = classes/utils;
			sourceTree = "<group>";
		};
		C45F940C1F0B6BDC0021FFF0 /* ProgressHud */ = {
			isa = PBXGroup;
			children = (
				C45F940D1F0B6BDC0021FFF0 /* ProgressHUD.bundle */,
				C45F940E1F0B6BDC0021FFF0 /* ProgressHUD.h */,
				C45F940F1F0B6BDC0021FFF0 /* ProgressHUD.m */,
				C45F94101F0B6BDC0021FFF0 /* UIImage+animatedGIF.h */,
				C45F94111F0B6BDC0021FFF0 /* UIImage+animatedGIF.m */,
			);
			path = ProgressHud;
			sourceTree = "<group>";
		};
		C4682D0E1F612327003AB3A8 /* scrollViewDemo */ = {
			isa = PBXGroup;
			children = (
				C4682D191F612539003AB3A8 /* imgs */,
				C4682D121F612445003AB3A8 /* NewPagedFlowView */,
				C4682D0F1F612351003AB3A8 /* WJCardScrollViewController.h */,
				C4682D101F612351003AB3A8 /* WJCardScrollViewController.m */,
				C4682D281F612AA2003AB3A8 /* WJCarBannerView.h */,
				C4682D291F612AA2003AB3A8 /* WJCarBannerView.m */,
			);
			path = scrollViewDemo;
			sourceTree = "<group>";
		};
		C4682D121F612445003AB3A8 /* NewPagedFlowView */ = {
			isa = PBXGroup;
			children = (
				C4682D131F612445003AB3A8 /* NewPagedFlowView.h */,
				C4682D141F612445003AB3A8 /* NewPagedFlowView.m */,
				C4682D151F612445003AB3A8 /* PGIndexBannerSubiew.h */,
				C4682D161F612445003AB3A8 /* PGIndexBannerSubiew.m */,
			);
			path = NewPagedFlowView;
			sourceTree = "<group>";
		};
		C4682D191F612539003AB3A8 /* imgs */ = {
			isa = PBXGroup;
			children = (
				C4A0F61A1F614454009D5718 /* health_lunboxian_hlt@2x.png */,
				C4A0F61B1F614454009D5718 /* health_lunboxian_hlt@3x.png */,
				C4A0F61C1F614454009D5718 /* health_lunboxian_nor@2x.png */,
				C4A0F61D1F614454009D5718 /* health_lunboxian_nor@3x.png */,
				C4A0F60C1F6134B5009D5718 /* scroll3 */,
				C4A0F60D1F6134B5009D5718 /* scroll4 */,
				C4A0F60E1F6134B5009D5718 /* scroll2 */,
				C4A0F60F1F6134B5009D5718 /* scroll1 */,
				C4A0F6101F6134B5009D5718 /* scroll0 */,
				C4682D2B1F612DA0003AB3A8 /* imgsModel.plist */,
			);
			path = imgs;
			sourceTree = "<group>";
		};
		C469064E1F666B1D00258805 /* modifyXmlFile */ = {
			isa = PBXGroup;
			children = (
				C46906521F666B7F00258805 /* Demo.xml */,
				C469064F1F666B4200258805 /* WJModifyXMLFileVC.h */,
				C46906501F666B4200258805 /* WJModifyXMLFileVC.m */,
			);
			path = modifyXmlFile;
			sourceTree = "<group>";
		};
		C46BEFE31F60F1B900D878B8 /* graduallyChange */ = {
			isa = PBXGroup;
			children = (
				C46BEFE41F60F22400D878B8 /* WJGraduallyChangeVC.h */,
				C46BEFE51F60F22400D878B8 /* WJGraduallyChangeVC.m */,
			);
			path = graduallyChange;
			sourceTree = "<group>";
		};
		C46EEC471F56B4540007A952 /* keyWord */ = {
			isa = PBXGroup;
			children = (
				C46EEC481F56B48B0007A952 /* wjKeyWordVC.h */,
				C46EEC491F56B48B0007A952 /* wjKeyWordVC.m */,
			);
			path = keyWord;
			sourceTree = "<group>";
		};
		C4760EBE1F176DCB00F6DC09 /* MedicalImageHandle */ = {
			isa = PBXGroup;
			children = (
				C4B2F1651F18A2A90028796B /* utils */,
				C4760EC71F176ECF00F6DC09 /* resource */,
				C4760EBF1F176DCB00F6DC09 /* c */,
				C4760EC01F176DCB00F6DC09 /* m */,
				C4760EC11F176DCB00F6DC09 /* v */,
			);
			path = MedicalImageHandle;
			sourceTree = "<group>";
		};
		C4760EBF1F176DCB00F6DC09 /* c */ = {
			isa = PBXGroup;
			children = (
				C4760EC81F176F8F00F6DC09 /* wjHandleImageVC.h */,
				C4760EC91F176F8F00F6DC09 /* wjHandleImageVC.m */,
				C4760ECA1F176F8F00F6DC09 /* wjHandleImageVC.xib */,
				C4760ED81F1778BD00F6DC09 /* wjImageDetailVC.h */,
				C4760ED91F1778BD00F6DC09 /* wjImageDetailVC.m */,
				C4760EDA1F1778BD00F6DC09 /* wjImageDetailVC.xib */,
			);
			path = c;
			sourceTree = "<group>";
		};
		C4760EC01F176DCB00F6DC09 /* m */ = {
			isa = PBXGroup;
			children = (
				C4760ECD1F17704900F6DC09 /* wjImageModel.h */,
				C4760ECE1F17704900F6DC09 /* wjImageModel.m */,
				C4760ED01F17723600F6DC09 /* wjImageData.plist */,
				9B6FE8081F17BBE200660403 /* wjButtonModel.h */,
				9B6FE8091F17BBE200660403 /* wjButtonModel.m */,
				9B6FE80B1F17BD7000660403 /* wjButton.plist */,
			);
			path = m;
			sourceTree = "<group>";
		};
		C4760EC11F176DCB00F6DC09 /* v */ = {
			isa = PBXGroup;
			children = (
				9B6FE8051F17B92600660403 /* wjButton.h */,
				9B6FE8061F17B92600660403 /* wjButton.m */,
				C46294111F186AD400A233B3 /* wjPageView.h */,
				C46294121F186AD400A233B3 /* wjPageView.m */,
				C46294131F186AD400A233B3 /* wjPageView.xib */,
			);
			path = v;
			sourceTree = "<group>";
		};
		C4760EC71F176ECF00F6DC09 /* resource */ = {
			isa = PBXGroup;
			children = (
				9B6FE80D1F17C4B600660403 /* button */,
				C4760ED21F17745B00F6DC09 /* doubleHand */,
				C4760ED31F17745B00F6DC09 /* hand */,
				C4760ED41F17745B00F6DC09 /* head */,
				C4B2F1611F1875B30028796B /* 开始@2x.png */,
				C4B2F1621F1875B30028796B /* 暂停@2x.png */,
			);
			path = resource;
			sourceTree = "<group>";
		};
		C480DB681F7CF23F00A162C3 /* verifyInfo */ = {
			isa = PBXGroup;
			children = (
				C480DB691F7CF26100A162C3 /* NSString+verifyInfo.h */,
				C480DB6A1F7CF26100A162C3 /* NSString+verifyInfo.m */,
			);
			path = verifyInfo;
			sourceTree = "<group>";
		};
		C48BB0011F258CA200FBFE87 /* dataEncryption */ = {
			isa = PBXGroup;
			children = (
				C48BB00D1F25910700FBFE87 /* Utils */,
				C4A0F6261F626CD3009D5718 /* VC */,
			);
			path = dataEncryption;
			sourceTree = "<group>";
		};
		C48BB00D1F25910700FBFE87 /* Utils */ = {
			isa = PBXGroup;
			children = (
				C48BB0111F2591C200FBFE87 /* GTMBase64.h */,
				C48BB0121F2591C200FBFE87 /* GTMBase64.m */,
				C48BB0131F2591C200FBFE87 /* GTMDefines.h */,
				C48BB00E1F25912500FBFE87 /* NSString+wjEncryptionData.h */,
				C48BB00F1F25912500FBFE87 /* NSString+wjEncryptionData.m */,
			);
			path = Utils;
			sourceTree = "<group>";
		};
		C48E2DF61F59081B0078260B /* webCache */ = {
			isa = PBXGroup;
			children = (
				C48E2DF71F5908490078260B /* wjWebCacheVC.h */,
				C48E2DF81F5908490078260B /* wjWebCacheVC.m */,
				C48E2DFA1F59089C0078260B /* wjWebCacheURLProtocal.h */,
				C48E2DFB1F59089C0078260B /* wjWebCacheURLProtocal.m */,
			);
			path = webCache;
			sourceTree = "<group>";
		};
		C4A0F6261F626CD3009D5718 /* VC */ = {
			isa = PBXGroup;
			children = (
				C4A0F6271F626CD3009D5718 /* wjDataEncryptionVC.h */,
				C4A0F6281F626CD3009D5718 /* wjDataEncryptionVC.m */,
				C4A0F6291F626CD3009D5718 /* wjDataEncryptionVC.xib */,
				C4A0F62A1F626CD3009D5718 /* wjEncryptionVC.h */,
				C4A0F62B1F626CD3009D5718 /* wjEncryptionVC.m */,
				C4A0F62C1F626CD3009D5718 /* wjEncryptionVC.xib */,
			);
			path = VC;
			sourceTree = "<group>";
		};
		C4B2F1651F18A2A90028796B /* utils */ = {
			isa = PBXGroup;
			children = (
				C4B2F1661F18A2E30028796B /* wjSaveImageVC.h */,
				C4B2F1671F18A2E30028796B /* wjSaveImageVC.m */,
			);
			path = utils;
			sourceTree = "<group>";
		};
/* End PBXGroup section */

/* Begin PBXNativeTarget section */
		C4274B481F0200E800C7B379 /* wjTestDemo */ = {
			isa = PBXNativeTarget;
			buildConfigurationList = C4274B6B1F0200E800C7B379 /* Build configuration list for PBXNativeTarget "wjTestDemo" */;
			buildPhases = (
				48087BF3D14F613363C4E6BF /* [CP] Check Pods Manifest.lock */,
				C4274B451F0200E800C7B379 /* Sources */,
				C4274B461F0200E800C7B379 /* Frameworks */,
				C4274B471F0200E800C7B379 /* Resources */,
				0AA23D717C55690EBC35814D /* [CP] Embed Pods Frameworks */,
				7A0F9FB3C1448C65E56FD968 /* [CP] Copy Pods Resources */,
			);
			buildRules = (
			);
			dependencies = (
			);
			name = wjTestDemo;
			productName = wjTestDemo;
			productReference = C4274B491F0200E800C7B379 /* wjTestDemo.app */;
			productType = "com.apple.product-type.application";
		};
		C4274B611F0200E800C7B379 /* wjTestDemoTests */ = {
			isa = PBXNativeTarget;
			buildConfigurationList = C4274B6E1F0200E800C7B379 /* Build configuration list for PBXNativeTarget "wjTestDemoTests" */;
			buildPhases = (
				C4274B5E1F0200E800C7B379 /* Sources */,
				C4274B5F1F0200E800C7B379 /* Frameworks */,
				C4274B601F0200E800C7B379 /* Resources */,
			);
			buildRules = (
			);
			dependencies = (
				C4274B641F0200E800C7B379 /* PBXTargetDependency */,
			);
			name = wjTestDemoTests;
			productName = wjTestDemoTests;
			productReference = C4274B621F0200E800C7B379 /* wjTestDemoTests.xctest */;
			productType = "com.apple.product-type.bundle.unit-test";
		};
/* End PBXNativeTarget section */

/* Begin PBXProject section */
		C4274B411F0200E800C7B379 /* Project object */ = {
			isa = PBXProject;
			attributes = {
				LastUpgradeCheck = 0830;
				ORGANIZATIONNAME = wangjun;
				TargetAttributes = {
					C4274B481F0200E800C7B379 = {
						CreatedOnToolsVersion = 8.3.1;
						DevelopmentTeam = 72F35J6V2R;
						ProvisioningStyle = Automatic;
					};
					C4274B611F0200E800C7B379 = {
						CreatedOnToolsVersion = 8.3.1;
						DevelopmentTeam = 684VKU9G29;
						ProvisioningStyle = Automatic;
						TestTargetID = C4274B481F0200E800C7B379;
					};
				};
			};
			buildConfigurationList = C4274B441F0200E800C7B379 /* Build configuration list for PBXProject "wjTestDemo" */;
			compatibilityVersion = "Xcode 3.2";
			developmentRegion = English;
			hasScannedForEncodings = 0;
			knownRegions = (
				en,
				Base,
			);
			mainGroup = C4274B401F0200E800C7B379;
			productRefGroup = C4274B4A1F0200E800C7B379 /* Products */;
			projectDirPath = "";
			projectRoot = "";
			targets = (
				C4274B481F0200E800C7B379 /* wjTestDemo */,
				C4274B611F0200E800C7B379 /* wjTestDemoTests */,
			);
		};
/* End PBXProject section */

/* Begin PBXResourcesBuildPhase section */
		C4274B471F0200E800C7B379 /* Resources */ = {
			isa = PBXResourcesBuildPhase;
			buildActionMask = 2147483647;
			files = (
				9B6FE8261F17C4B600660403 /* 调窗@2x.png in Resources */,
				C4682D2C1F612DA0003AB3A8 /* imgsModel.plist in Resources */,
				C4274B971F020F8F00C7B379 /* model.plist in Resources */,
				C43691C61F06539A00F18340 /* gesture_node_normal@2x.png in Resources */,
				9B6FE8221F17C4B600660403 /* 标注@2x.png in Resources */,
				C4A0F61F1F614454009D5718 /* health_lunboxian_hlt@3x.png in Resources */,
				C4274BAA1F03614D00C7B379 /* pick_bg.png in Resources */,
				C43691C51F06539A00F18340 /* gesture_node_normal.png in Resources */,
				C4274B5C1F0200E800C7B379 /* LaunchScreen.storyboard in Resources */,
				C4B2F16E1F18B6180028796B /* 缩放_selected@3x.png in Resources */,
				C4A0F6211F614454009D5718 /* health_lunboxian_nor@3x.png in Resources */,
				C4A0F6201F614454009D5718 /* health_lunboxian_nor@2x.png in Resources */,
				C4A0F6151F6134B6009D5718 /* scroll0 in Resources */,
				C46906531F666B7F00258805 /* Demo.xml in Resources */,
				C4A0F6231F622AC1009D5718 /* torch_on@2x.png in Resources */,
				C4A0F6131F6134B6009D5718 /* scroll2 in Resources */,
				C43691C81F06539A00F18340 /* gesture_node_selected@2x.png in Resources */,
				C4B2F16F1F18B6180028796B /* 缩放@2x.png in Resources */,
				9B89F9F61F983866005BDB8A /* lib@2x.png in Resources */,
				9B6FE82A1F17C4B600660403 /* 重置@2x.png in Resources */,
				C43691691F04D09900F18340 /* wj3DTouchVC.xib in Resources */,
				C4274B991F023C4B00C7B379 /* icon.jpeg in Resources */,
				C43691BC1F0626BB00F18340 /* 指纹.png in Resources */,
				9B6FE8231F17C4B600660403 /* 标注@3x.png in Resources */,
				9BD0F8D71F0520D000B27648 /* 扫描二维码.png in Resources */,
				9B6FE82D1F17C4B600660403 /* 重置_selected@3x.png in Resources */,
				C4274BA81F03614D00C7B379 /* line.png in Resources */,
				9B6FE8241F17C4B600660403 /* 标注_selected@2x.png in Resources */,
				C43691721F04DD0500F18340 /* wjTouchedVC.xib in Resources */,
				9B6FE8271F17C4B600660403 /* 调窗@3x.png in Resources */,
				C4A0F61E1F614454009D5718 /* health_lunboxian_hlt@2x.png in Resources */,
				9B6FE8251F17C4B600660403 /* 标注_selected@3x.png in Resources */,
				C4B2F1701F18B6180028796B /* 缩放@3x.png in Resources */,
				9B6FE80C1F17BD7000660403 /* wjButton.plist in Resources */,
				9B6FE82B1F17C4B600660403 /* 重置@3x.png in Resources */,
				C43691C71F06539A00F18340 /* gesture_node_selected.png in Resources */,
				C4760ED11F17723600F6DC09 /* wjImageData.plist in Resources */,
				C4760ED51F17745B00F6DC09 /* doubleHand in Resources */,
				C43691781F04FBE000F18340 /* icon.jpeg in Resources */,
				C4760ECC1F176F8F00F6DC09 /* wjHandleImageVC.xib in Resources */,
				9BB20B1B1FA6B76F00326012 /* WJXMLToJsonVC.xib in Resources */,
				C436915E1F048D1600F18340 /* wjAlterAppIconVC.xib in Resources */,
				C4274B591F0200E800C7B379 /* Assets.xcassets in Resources */,
				C45F94121F0B6BDC0021FFF0 /* ProgressHUD.bundle in Resources */,
				C4B2F16D1F18B6180028796B /* 缩放_selected@2x.png in Resources */,
				C4760EDC1F1778BD00F6DC09 /* wjImageDetailVC.xib in Resources */,
				C4274BA21F035EE500C7B379 /* wjScanQRCodeVC.xib in Resources */,
				9B6FE82C1F17C4B600660403 /* 重置_selected@2x.png in Resources */,
				C4A0F62E1F626CD3009D5718 /* wjDataEncryptionVC.xib in Resources */,
				C4A0F6121F6134B6009D5718 /* scroll4 in Resources */,
				C4A0F6301F626CD3009D5718 /* wjEncryptionVC.xib in Resources */,
				C4280A791F03B56400EBEF45 /* iconChange@3x.png in Resources */,
				C4A0F6111F6134B5009D5718 /* scroll3 in Resources */,
				9B6FE8281F17C4B600660403 /* 调窗_selected@2x.png in Resources */,
				C4A0F6251F622B44009D5718 /* torch_off@2x.png in Resources */,
				C4760ED71F17745B00F6DC09 /* head in Resources */,
				C4274BAB1F03614D00C7B379 /* pick_bg@2x.png in Resources */,
				C46294151F186AD400A233B3 /* wjPageView.xib in Resources */,
				C4274B571F0200E800C7B379 /* Main.storyboard in Resources */,
				9B6FE8291F17C4B600660403 /* 调窗_selected@3x.png in Resources */,
				C43691CD1F0653C600F18340 /* wjGestureLockVC.xib in Resources */,
				C4280A781F03B56400EBEF45 /* iconChange@2x.png in Resources */,
				C4B2F1641F1875B30028796B /* 暂停@2x.png in Resources */,
				C4760ED61F17745B00F6DC09 /* hand in Resources */,
				C4A0F6141F6134B6009D5718 /* scroll1 in Resources */,
				C4274BA91F03614D00C7B379 /* line@2x.png in Resources */,
				C4274B8A1F02029700C7B379 /* wjQRCodeVC.xib in Resources */,
				C43691B51F06213400F18340 /* wjTouchIDVerificationVC.xib in Resources */,
				C4B2F1631F1875B30028796B /* 开始@2x.png in Resources */,
			);
			runOnlyForDeploymentPostprocessing = 0;
		};
		C4274B601F0200E800C7B379 /* Resources */ = {
			isa = PBXResourcesBuildPhase;
			buildActionMask = 2147483647;
			files = (
			);
			runOnlyForDeploymentPostprocessing = 0;
		};
/* End PBXResourcesBuildPhase section */

/* Begin PBXShellScriptBuildPhase section */
		0AA23D717C55690EBC35814D /* [CP] Embed Pods Frameworks */ = {
			isa = PBXShellScriptBuildPhase;
			buildActionMask = 2147483647;
			files = (
			);
			inputPaths = (
			);
			name = "[CP] Embed Pods Frameworks";
			outputPaths = (
			);
			runOnlyForDeploymentPostprocessing = 0;
			shellPath = /bin/sh;
			shellScript = "\"${SRCROOT}/Pods/Target Support Files/Pods-wjTestDemo/Pods-wjTestDemo-frameworks.sh\"\n";
			showEnvVarsInLog = 0;
		};
		48087BF3D14F613363C4E6BF /* [CP] Check Pods Manifest.lock */ = {
			isa = PBXShellScriptBuildPhase;
			buildActionMask = 2147483647;
			files = (
			);
			inputPaths = (
			);
			name = "[CP] Check Pods Manifest.lock";
			outputPaths = (
			);
			runOnlyForDeploymentPostprocessing = 0;
			shellPath = /bin/sh;
			shellScript = "diff \"${PODS_ROOT}/../Podfile.lock\" \"${PODS_ROOT}/Manifest.lock\" > /dev/null\nif [[ $? != 0 ]] ; then\n    cat << EOM\nerror: The sandbox is not in sync with the Podfile.lock. Run 'pod install' or update your CocoaPods installation.\nEOM\n    exit 1\nfi\n";
			showEnvVarsInLog = 0;
		};
		7A0F9FB3C1448C65E56FD968 /* [CP] Copy Pods Resources */ = {
			isa = PBXShellScriptBuildPhase;
			buildActionMask = 2147483647;
			files = (
			);
			inputPaths = (
			);
			name = "[CP] Copy Pods Resources";
			outputPaths = (
			);
			runOnlyForDeploymentPostprocessing = 0;
			shellPath = /bin/sh;
			shellScript = "\"${SRCROOT}/Pods/Target Support Files/Pods-wjTestDemo/Pods-wjTestDemo-resources.sh\"\n";
			showEnvVarsInLog = 0;
		};
/* End PBXShellScriptBuildPhase section */

/* Begin PBXSourcesBuildPhase section */
		C4274B451F0200E800C7B379 /* Sources */ = {
			isa = PBXSourcesBuildPhase;
			buildActionMask = 2147483647;
			files = (
				C43691711F04DD0500F18340 /* wjTouchedVC.m in Sources */,
				C4274B541F0200E800C7B379 /* ViewController.m in Sources */,
				C4A0F62D1F626CD3009D5718 /* wjDataEncryptionVC.m in Sources */,
				C48E2DFC1F59089C0078260B /* wjWebCacheURLProtocal.m in Sources */,
				9B6FE80A1F17BBE200660403 /* wjButtonModel.m in Sources */,
				C46906511F666B4200258805 /* WJModifyXMLFileVC.m in Sources */,
				9BB20B141FA6B65500326012 /* XMLReader.m in Sources */,
				C46EEC4A1F56B48B0007A952 /* wjKeyWordVC.m in Sources */,
				9BB20B041FA1CADA00326012 /* WJChartDisplayVC.m in Sources */,
				C4682D2A1F612AA2003AB3A8 /* WJCarBannerView.m in Sources */,
				C43691CC1F0653C600F18340 /* wjGestureLockVC.m in Sources */,
				C436915D1F048D1600F18340 /* wjAlterAppIconVC.m in Sources */,
				9BB20B0A1FA1CAEB00326012 /* WJChart.m in Sources */,
				9B8B0D4D1F9D903600031086 /* WJGetContacts.m in Sources */,
				C43691681F04D09900F18340 /* wj3DTouchVC.m in Sources */,
				C45F94141F0B6BDC0021FFF0 /* UIImage+animatedGIF.m in Sources */,
				C43691B41F06213400F18340 /* wjTouchIDVerificationVC.m in Sources */,
				C4274B511F0200E800C7B379 /* AppDelegate.m in Sources */,
				9BB20B1A1FA6B76F00326012 /* WJXMLToJsonVC.m in Sources */,
				C43691B91F0622B700F18340 /* wjTouchID.m in Sources */,
				C4760EDB1F1778BD00F6DC09 /* wjImageDetailVC.m in Sources */,
				C4A0F62F1F626CD3009D5718 /* wjEncryptionVC.m in Sources */,
				C43691D01F06554F00F18340 /* wjGestureLockView.m in Sources */,
				9BB20B0B1FA1CAEB00326012 /* WJLineChart.m in Sources */,
				C4274BA11F035EE500C7B379 /* wjScanQRCodeVC.m in Sources */,
				C48BB0101F25912500FBFE87 /* NSString+wjEncryptionData.m in Sources */,
				C4274B4E1F0200E800C7B379 /* main.m in Sources */,
				C46294141F186AD400A233B3 /* wjPageView.m in Sources */,
				C4760ECF1F17704900F6DC09 /* wjImageModel.m in Sources */,
				9B6FE8071F17B92600660403 /* wjButton.m in Sources */,
				C480DB6B1F7CF26100A162C3 /* NSString+verifyInfo.m in Sources */,
				C4760ECB1F176F8F00F6DC09 /* wjHandleImageVC.m in Sources */,
				C4274B891F02029700C7B379 /* wjQRCodeVC.m in Sources */,
				C4B2F1681F18A2E30028796B /* wjSaveImageVC.m in Sources */,
				C4682D171F612445003AB3A8 /* NewPagedFlowView.m in Sources */,
				C46BEFE61F60F22400D878B8 /* WJGraduallyChangeVC.m in Sources */,
				C45F94131F0B6BDC0021FFF0 /* ProgressHUD.m in Sources */,
				C48E2DF91F5908490078260B /* wjWebCacheVC.m in Sources */,
				C4274B951F020C7800C7B379 /* wjModel.m in Sources */,
				C4682D111F612351003AB3A8 /* WJCardScrollViewController.m in Sources */,
				9BB20B011FA1C82000326012 /* WJChartSpeciesVC.m in Sources */,
				C48BB0141F2591C200FBFE87 /* GTMBase64.m in Sources */,
				C4682D181F612445003AB3A8 /* PGIndexBannerSubiew.m in Sources */,
				C4274B8F1F02055D00C7B379 /* UIImage+wjQRCodeCreate.m in Sources */,
			);
			runOnlyForDeploymentPostprocessing = 0;
		};
		C4274B5E1F0200E800C7B379 /* Sources */ = {
			isa = PBXSourcesBuildPhase;
			buildActionMask = 2147483647;
			files = (
				C4274B671F0200E800C7B379 /* wjTestDemoTests.m in Sources */,
			);
			runOnlyForDeploymentPostprocessing = 0;
		};
/* End PBXSourcesBuildPhase section */

/* Begin PBXTargetDependency section */
		C4274B641F0200E800C7B379 /* PBXTargetDependency */ = {
			isa = PBXTargetDependency;
			target = C4274B481F0200E800C7B379 /* wjTestDemo */;
			targetProxy = C4274B631F0200E800C7B379 /* PBXContainerItemProxy */;
		};
/* End PBXTargetDependency section */

/* Begin PBXVariantGroup section */
		C4274B551F0200E800C7B379 /* Main.storyboard */ = {
			isa = PBXVariantGroup;
			children = (
				C4274B561F0200E800C7B379 /* Base */,
			);
			name = Main.storyboard;
			sourceTree = "<group>";
		};
		C4274B5A1F0200E800C7B379 /* LaunchScreen.storyboard */ = {
			isa = PBXVariantGroup;
			children = (
				C4274B5B1F0200E800C7B379 /* Base */,
			);
			name = LaunchScreen.storyboard;
			sourceTree = "<group>";
		};
/* End PBXVariantGroup section */

/* Begin XCBuildConfiguration section */
		C4274B691F0200E800C7B379 /* Debug */ = {
			isa = XCBuildConfiguration;
			buildSettings = {
				ALWAYS_SEARCH_USER_PATHS = NO;
				CLANG_ANALYZER_NONNULL = YES;
				CLANG_ANALYZER_NUMBER_OBJECT_CONVERSION = YES_AGGRESSIVE;
				CLANG_CXX_LANGUAGE_STANDARD = "gnu++0x";
				CLANG_CXX_LIBRARY = "libc++";
				CLANG_ENABLE_MODULES = YES;
				CLANG_ENABLE_OBJC_ARC = YES;
				CLANG_WARN_BOOL_CONVERSION = YES;
				CLANG_WARN_CONSTANT_CONVERSION = YES;
				CLANG_WARN_DIRECT_OBJC_ISA_USAGE = YES_ERROR;
				CLANG_WARN_DOCUMENTATION_COMMENTS = YES;
				CLANG_WARN_EMPTY_BODY = YES;
				CLANG_WARN_ENUM_CONVERSION = YES;
				CLANG_WARN_INFINITE_RECURSION = YES;
				CLANG_WARN_INT_CONVERSION = YES;
				CLANG_WARN_OBJC_ROOT_CLASS = YES_ERROR;
				CLANG_WARN_SUSPICIOUS_MOVE = YES;
				CLANG_WARN_UNREACHABLE_CODE = YES;
				CLANG_WARN__DUPLICATE_METHOD_MATCH = YES;
				"CODE_SIGN_IDENTITY[sdk=iphoneos*]" = "iPhone Developer";
				COPY_PHASE_STRIP = NO;
				DEBUG_INFORMATION_FORMAT = dwarf;
				ENABLE_STRICT_OBJC_MSGSEND = YES;
				ENABLE_TESTABILITY = YES;
				GCC_C_LANGUAGE_STANDARD = gnu99;
				GCC_DYNAMIC_NO_PIC = NO;
				GCC_NO_COMMON_BLOCKS = YES;
				GCC_OPTIMIZATION_LEVEL = 0;
				GCC_PREPROCESSOR_DEFINITIONS = (
					"DEBUG=1",
					"$(inherited)",
				);
				GCC_WARN_64_TO_32_BIT_CONVERSION = YES;
				GCC_WARN_ABOUT_RETURN_TYPE = YES_ERROR;
				GCC_WARN_UNDECLARED_SELECTOR = YES;
				GCC_WARN_UNINITIALIZED_AUTOS = YES_AGGRESSIVE;
				GCC_WARN_UNUSED_FUNCTION = YES;
				GCC_WARN_UNUSED_VARIABLE = YES;
				IPHONEOS_DEPLOYMENT_TARGET = 10.3;
				MTL_ENABLE_DEBUG_INFO = YES;
				ONLY_ACTIVE_ARCH = YES;
				SDKROOT = iphoneos;
			};
			name = Debug;
		};
		C4274B6A1F0200E800C7B379 /* Release */ = {
			isa = XCBuildConfiguration;
			buildSettings = {
				ALWAYS_SEARCH_USER_PATHS = NO;
				CLANG_ANALYZER_NONNULL = YES;
				CLANG_ANALYZER_NUMBER_OBJECT_CONVERSION = YES_AGGRESSIVE;
				CLANG_CXX_LANGUAGE_STANDARD = "gnu++0x";
				CLANG_CXX_LIBRARY = "libc++";
				CLANG_ENABLE_MODULES = YES;
				CLANG_ENABLE_OBJC_ARC = YES;
				CLANG_WARN_BOOL_CONVERSION = YES;
				CLANG_WARN_CONSTANT_CONVERSION = YES;
				CLANG_WARN_DIRECT_OBJC_ISA_USAGE = YES_ERROR;
				CLANG_WARN_DOCUMENTATION_COMMENTS = YES;
				CLANG_WARN_EMPTY_BODY = YES;
				CLANG_WARN_ENUM_CONVERSION = YES;
				CLANG_WARN_INFINITE_RECURSION = YES;
				CLANG_WARN_INT_CONVERSION = YES;
				CLANG_WARN_OBJC_ROOT_CLASS = YES_ERROR;
				CLANG_WARN_SUSPICIOUS_MOVE = YES;
				CLANG_WARN_UNREACHABLE_CODE = YES;
				CLANG_WARN__DUPLICATE_METHOD_MATCH = YES;
				"CODE_SIGN_IDENTITY[sdk=iphoneos*]" = "iPhone Developer";
				COPY_PHASE_STRIP = NO;
				DEBUG_INFORMATION_FORMAT = "dwarf-with-dsym";
				ENABLE_NS_ASSERTIONS = NO;
				ENABLE_STRICT_OBJC_MSGSEND = YES;
				GCC_C_LANGUAGE_STANDARD = gnu99;
				GCC_NO_COMMON_BLOCKS = YES;
				GCC_WARN_64_TO_32_BIT_CONVERSION = YES;
				GCC_WARN_ABOUT_RETURN_TYPE = YES_ERROR;
				GCC_WARN_UNDECLARED_SELECTOR = YES;
				GCC_WARN_UNINITIALIZED_AUTOS = YES_AGGRESSIVE;
				GCC_WARN_UNUSED_FUNCTION = YES;
				GCC_WARN_UNUSED_VARIABLE = YES;
				IPHONEOS_DEPLOYMENT_TARGET = 10.3;
				MTL_ENABLE_DEBUG_INFO = NO;
				SDKROOT = iphoneos;
				VALIDATE_PRODUCT = YES;
			};
			name = Release;
		};
		C4274B6C1F0200E800C7B379 /* Debug */ = {
			isa = XCBuildConfiguration;
			baseConfigurationReference = E2F2F86FC9BB0C5E41E26943 /* Pods-wjTestDemo.debug.xcconfig */;
			buildSettings = {
				ASSETCATALOG_COMPILER_APPICON_NAME = AppIcon;
				"CODE_SIGN_IDENTITY[sdk=iphoneos*]" = "iPhone Developer";
				CODE_SIGN_STYLE = Automatic;
				DEVELOPMENT_TEAM = 72F35J6V2R;
				GCC_PREFIX_HEADER = "$(SRCROOT)/wjTestDemo/PrefixHeader.pch";
				INFOPLIST_FILE = wjTestDemo/Info.plist;
				IPHONEOS_DEPLOYMENT_TARGET = 8.0;
				LD_RUNPATH_SEARCH_PATHS = "$(inherited) @executable_path/Frameworks";
				PRODUCT_BUNDLE_IDENTIFIER = com.wj.wjTestDemo;
				PRODUCT_NAME = "$(TARGET_NAME)";
				PROVISIONING_PROFILE_SPECIFIER = "";
			};
			name = Debug;
		};
		C4274B6D1F0200E800C7B379 /* Release */ = {
			isa = XCBuildConfiguration;
			baseConfigurationReference = 60F6166E19535B33CFEC2059 /* Pods-wjTestDemo.release.xcconfig */;
			buildSettings = {
				ASSETCATALOG_COMPILER_APPICON_NAME = AppIcon;
				"CODE_SIGN_IDENTITY[sdk=iphoneos*]" = "iPhone Developer";
				CODE_SIGN_STYLE = Automatic;
				DEVELOPMENT_TEAM = 72F35J6V2R;
				GCC_PREFIX_HEADER = "$(SRCROOT)/wjTestDemo/PrefixHeader.pch";
				INFOPLIST_FILE = wjTestDemo/Info.plist;
				IPHONEOS_DEPLOYMENT_TARGET = 8.0;
				LD_RUNPATH_SEARCH_PATHS = "$(inherited) @executable_path/Frameworks";
				PRODUCT_BUNDLE_IDENTIFIER = com.wj.wjTestDemo;
				PRODUCT_NAME = "$(TARGET_NAME)";
				PROVISIONING_PROFILE_SPECIFIER = "";
			};
			name = Release;
		};
		C4274B6F1F0200E800C7B379 /* Debug */ = {
			isa = XCBuildConfiguration;
			buildSettings = {
				BUNDLE_LOADER = "$(TEST_HOST)";
				DEVELOPMENT_TEAM = 684VKU9G29;
				INFOPLIST_FILE = wjTestDemoTests/Info.plist;
				LD_RUNPATH_SEARCH_PATHS = "$(inherited) @executable_path/Frameworks @loader_path/Frameworks";
				PRODUCT_BUNDLE_IDENTIFIER = com.wangjun.wjTestDemoTests;
				PRODUCT_NAME = "$(TARGET_NAME)";
				TEST_HOST = "$(BUILT_PRODUCTS_DIR)/wjTestDemo.app/wjTestDemo";
			};
			name = Debug;
		};
		C4274B701F0200E800C7B379 /* Release */ = {
			isa = XCBuildConfiguration;
			buildSettings = {
				BUNDLE_LOADER = "$(TEST_HOST)";
				DEVELOPMENT_TEAM = 684VKU9G29;
				INFOPLIST_FILE = wjTestDemoTests/Info.plist;
				LD_RUNPATH_SEARCH_PATHS = "$(inherited) @executable_path/Frameworks @loader_path/Frameworks";
				PRODUCT_BUNDLE_IDENTIFIER = com.wangjun.wjTestDemoTests;
				PRODUCT_NAME = "$(TARGET_NAME)";
				TEST_HOST = "$(BUILT_PRODUCTS_DIR)/wjTestDemo.app/wjTestDemo";
			};
			name = Release;
		};
/* End XCBuildConfiguration section */

/* Begin XCConfigurationList section */
		C4274B441F0200E800C7B379 /* Build configuration list for PBXProject "wjTestDemo" */ = {
			isa = XCConfigurationList;
			buildConfigurations = (
				C4274B691F0200E800C7B379 /* Debug */,
				C4274B6A1F0200E800C7B379 /* Release */,
			);
			defaultConfigurationIsVisible = 0;
			defaultConfigurationName = Release;
		};
		C4274B6B1F0200E800C7B379 /* Build configuration list for PBXNativeTarget "wjTestDemo" */ = {
			isa = XCConfigurationList;
			buildConfigurations = (
				C4274B6C1F0200E800C7B379 /* Debug */,
				C4274B6D1F0200E800C7B379 /* Release */,
			);
			defaultConfigurationIsVisible = 0;
			defaultConfigurationName = Release;
		};
		C4274B6E1F0200E800C7B379 /* Build configuration list for PBXNativeTarget "wjTestDemoTests" */ = {
			isa = XCConfigurationList;
			buildConfigurations = (
				C4274B6F1F0200E800C7B379 /* Debug */,
				C4274B701F0200E800C7B379 /* Release */,
			);
			defaultConfigurationIsVisible = 0;
			defaultConfigurationName = Release;
		};
/* End XCConfigurationList section */
	};
	rootObject = C4274B411F0200E800C7B379 /* Project object */;
}
